// !$*UTF8*$!
{
	archiveVersion = 1;
	classes = {
	};
	objectVersion = 48;
	objects = {

/* Begin PBXBuildFile section */
		2C16DF530A8354C900B4D6E3 /* HelpSetup.plist in Resources */ = {isa = PBXBuildFile; fileRef = 2C16DF520A8354C800B4D6E3 /* HelpSetup.plist */; };
		2C3F3B6C1C5DEE8600C940BD /* NSRunningApplication+SmartActivate.h in Headers */ = {isa = PBXBuildFile; fileRef = 2C3F3B6A1C5DEE8600C940BD /* NSRunningApplication+SmartActivate.h */; };
		2C3F3B6D1C5DEE8600C940BD /* NSRunningApplication+SmartActivate.m in Sources */ = {isa = PBXBuildFile; fileRef = 2C3F3B6B1C5DEE8600C940BD /* NSRunningApplication+SmartActivate.m */; };
		2C3F3B761C5E550600C940BD /* DonationReminder.framework in CopyFiles */ = {isa = PBXBuildFile; fileRef = 2C3F3B731C5E547E00C940BD /* DonationReminder.framework */; settings = {ATTRIBUTES = (CodeSignOnCopy, ); }; };
		2C3F3B7C1C5E590E00C940BD /* DonationReminder.framework in Frameworks */ = {isa = PBXBuildFile; fileRef = 2C3F3B731C5E547E00C940BD /* DonationReminder.framework */; };
		2C3F62BA0F6E6E6600C42308 /* PDFMerger.h in Headers */ = {isa = PBXBuildFile; fileRef = 2C3F62B80F6E6E6600C42308 /* PDFMerger.h */; };
		2C3F62BB0F6E6E6600C42308 /* PDFMerger.m in Sources */ = {isa = PBXBuildFile; fileRef = 2C3F62B90F6E6E6600C42308 /* PDFMerger.m */; };
		2C3F658E0F6FBCFC00C42308 /* ProgressWindowController.h in Headers */ = {isa = PBXBuildFile; fileRef = 2C3F658C0F6FBCFC00C42308 /* ProgressWindowController.h */; };
		2C3F658F0F6FBCFC00C42308 /* ProgressWindowController.m in Sources */ = {isa = PBXBuildFile; fileRef = 2C3F658D0F6FBCFC00C42308 /* ProgressWindowController.m */; };
		2C4545961071820A00AD3397 /* Credits.rtf in Resources */ = {isa = PBXBuildFile; fileRef = 2C4545951071820A00AD3397 /* Credits.rtf */; };
		2C4740A80A5E71B000096E8A /* AppController.h in Headers */ = {isa = PBXBuildFile; fileRef = 2C4740A60A5E71B000096E8A /* AppController.h */; };
		2C4740A90A5E71B000096E8A /* AppController.m in Sources */ = {isa = PBXBuildFile; fileRef = 2C4740A70A5E71B000096E8A /* AppController.m */; };
		2C4740B30A5E773500096E8A /* FactorySetting.plist in Resources */ = {isa = PBXBuildFile; fileRef = 2C4740B20A5E773500096E8A /* FactorySetting.plist */; };
		2C5981F2098712B2003D230C /* MergePDF.icns in Resources */ = {isa = PBXBuildFile; fileRef = 2CB1697A0711703000A527B5 /* MergePDF.icns */; };
		2C5981F3098712B2003D230C /* ColumnDirection.png in Resources */ = {isa = PBXBuildFile; fileRef = 2C7BDAB6071183220032351D /* ColumnDirection.png */; };
		2C5981F4098712B2003D230C /* RowDirection.png in Resources */ = {isa = PBXBuildFile; fileRef = 2C7BDAB7071183220032351D /* RowDirection.png */; };
		2C5981F7098712B2003D230C /* main.m in Sources */ = {isa = PBXBuildFile; fileRef = 29B97316FDCFA39411CA2CEA /* main.m */; settings = {ATTRIBUTES = (); }; };
		2C5981F9098712B2003D230C /* Cocoa.framework in Frameworks */ = {isa = PBXBuildFile; fileRef = 1058C7A1FEA54F0111CA2CBB /* Cocoa.framework */; };
		2C6242EE0D4983BF002F2745 /* SorterDelegate.applescript in Sources */ = {isa = PBXBuildFile; fileRef = 2C6242ED0D4983BF002F2745 /* SorterDelegate.applescript */; settings = {ATTRIBUTES = (); }; };
		2C6244D20D49A4CD002F2745 /* ProgressWindowController.applescript in Sources */ = {isa = PBXBuildFile; fileRef = 2C6244D10D49A4CD002F2745 /* ProgressWindowController.applescript */; settings = {ATTRIBUTES = (); }; };
		2C77B96A0CFD576A00C4E9D3 /* Quartz.framework in Frameworks */ = {isa = PBXBuildFile; fileRef = 2C77B9640CFD576A00C4E9D3 /* Quartz.framework */; };
		2C812C701C5F7E3D005399C2 /* MergePDFHelp in Resources */ = {isa = PBXBuildFile; fileRef = 2C812C6F1C5F7E3D005399C2 /* MergePDFHelp */; };
		2C88BD121C743F3A00290358 /* MainMenu.xib in Resources */ = {isa = PBXBuildFile; fileRef = 2C88BD0E1C743F3A00290358 /* MainMenu.xib */; };
		2C88BD131C743F3A00290358 /* ProgressWindow.xib in Resources */ = {isa = PBXBuildFile; fileRef = 2C88BD101C743F3A00290358 /* ProgressWindow.xib */; };
		2C9BE5AB17F306D1003DA783 /* AppleScriptObjC.framework in Frameworks */ = {isa = PBXBuildFile; fileRef = 2C9BE5AA17F306D1003DA783 /* AppleScriptObjC.framework */; };
		2CBDC6A01C6075270048384C /* DropBox.h in Headers */ = {isa = PBXBuildFile; fileRef = 2CBDC69C1C6075270048384C /* DropBox.h */; };
		2CBDC6A11C6075270048384C /* DropBox.m in Sources */ = {isa = PBXBuildFile; fileRef = 2CBDC69D1C6075270048384C /* DropBox.m */; };
		2CBDC6A21C6075270048384C /* HFSTypeUtils.h in Headers */ = {isa = PBXBuildFile; fileRef = 2CBDC69E1C6075270048384C /* HFSTypeUtils.h */; };
		2CBDC6A31C6075270048384C /* HFSTypeUtils.m in Sources */ = {isa = PBXBuildFile; fileRef = 2CBDC69F1C6075270048384C /* HFSTypeUtils.m */; };
		2CBDC6AC1C607A580048384C /* PathExtra_Localizable.strings in Resources */ = {isa = PBXBuildFile; fileRef = 2CBDC6A71C607A580048384C /* PathExtra_Localizable.strings */; };
		2CBDC6AD1C607A580048384C /* PathExtra.h in Headers */ = {isa = PBXBuildFile; fileRef = 2CBDC6AA1C607A580048384C /* PathExtra.h */; };
		2CBDC6AE1C607A580048384C /* PathExtra.m in Sources */ = {isa = PBXBuildFile; fileRef = 2CBDC6AB1C607A580048384C /* PathExtra.m */; };
		2CBDC6BA1C60BB9A0048384C /* InfoPlist.strings in Resources */ = {isa = PBXBuildFile; fileRef = 2CBDC6B01C60BB9A0048384C /* InfoPlist.strings */; };
		2CBDC6BB1C60BB9A0048384C /* Localizable.strings in Resources */ = {isa = PBXBuildFile; fileRef = 2CBDC6B21C60BB9A0048384C /* Localizable.strings */; };
		2CBDC6BE1C60BB9A0048384C /* ServicesMenu.strings in Resources */ = {isa = PBXBuildFile; fileRef = 2CBDC6B81C60BB9A0048384C /* ServicesMenu.strings */; };
		2CD4055E0F75D11100B96300 /* dsa_pub.pem in Resources */ = {isa = PBXBuildFile; fileRef = 2CD4055D0F75D11100B96300 /* dsa_pub.pem */; };
		2CD75DF81D22A693007FB66D /* AppleEventExtra.h in Headers */ = {isa = PBXBuildFile; fileRef = 2CD75DF61D22A693007FB66D /* AppleEventExtra.h */; };
		2CD75DF91D22A693007FB66D /* AppleEventExtra.m in Sources */ = {isa = PBXBuildFile; fileRef = 2CD75DF71D22A693007FB66D /* AppleEventExtra.m */; };
		7914D11A41E53ED7675284EF /* libPods-MergePDF.a in Frameworks */ = {isa = PBXBuildFile; fileRef = BAF279F8FCA409CDA7F5BE36 /* libPods-MergePDF.a */; };
/* End PBXBuildFile section */

/* Begin PBXContainerItemProxy section */
		2C3F3B721C5E547E00C940BD /* PBXContainerItemProxy */ = {
			isa = PBXContainerItemProxy;
			containerPortal = 2C3F3B6E1C5E547D00C940BD /* DonationReminder.xcodeproj */;
			proxyType = 2;
			remoteGlobalIDString = 2C4A363E19E61FC40031E521;
			remoteInfo = DonationReminder;
		};
		2C3F3B741C5E54E600C940BD /* PBXContainerItemProxy */ = {
			isa = PBXContainerItemProxy;
			containerPortal = 2C3F3B6E1C5E547D00C940BD /* DonationReminder.xcodeproj */;
			proxyType = 1;
			remoteGlobalIDString = 2C4A363119E61FC40031E521;
			remoteInfo = DonationReminder;
		};
/* End PBXContainerItemProxy section */

/* Begin PBXCopyFilesBuildPhase section */
		2CD12A830D40A4A2004BF0C5 /* CopyFiles */ = {
			isa = PBXCopyFilesBuildPhase;
			buildActionMask = 2147483647;
			dstPath = "";
			dstSubfolderSpec = 10;
			files = (
				2C3F3B761C5E550600C940BD /* DonationReminder.framework in CopyFiles */,
			);
			runOnlyForDeploymentPostprocessing = 0;
		};
/* End PBXCopyFilesBuildPhase section */

/* Begin PBXFileReference section */
		1058C7A1FEA54F0111CA2CBB /* Cocoa.framework */ = {isa = PBXFileReference; lastKnownFileType = wrapper.framework; name = Cocoa.framework; path = /System/Library/Frameworks/Cocoa.framework; sourceTree = "<absolute>"; };
		29B97316FDCFA39411CA2CEA /* main.m */ = {isa = PBXFileReference; fileEncoding = 30; lastKnownFileType = sourcecode.c.objc; path = main.m; sourceTree = "<group>"; };
		29B97324FDCFA39411CA2CEA /* AppKit.framework */ = {isa = PBXFileReference; lastKnownFileType = wrapper.framework; name = AppKit.framework; path = /System/Library/Frameworks/AppKit.framework; sourceTree = "<absolute>"; };
		29B97325FDCFA39411CA2CEA /* Foundation.framework */ = {isa = PBXFileReference; lastKnownFileType = wrapper.framework; name = Foundation.framework; path = /System/Library/Frameworks/Foundation.framework; sourceTree = "<absolute>"; };
		2C16DF520A8354C800B4D6E3 /* HelpSetup.plist */ = {isa = PBXFileReference; fileEncoding = 4; lastKnownFileType = text.plist.xml; path = HelpSetup.plist; sourceTree = "<group>"; };
		2C31A2000987453E003BE6E4 /* Info-MergePDF.plist */ = {isa = PBXFileReference; explicitFileType = text.plist; fileEncoding = 4; path = "Info-MergePDF.plist"; sourceTree = "<group>"; };
		2C3F3B6A1C5DEE8600C940BD /* NSRunningApplication+SmartActivate.h */ = {isa = PBXFileReference; fileEncoding = 4; lastKnownFileType = sourcecode.c.h; path = "NSRunningApplication+SmartActivate.h"; sourceTree = "<group>"; };
		2C3F3B6B1C5DEE8600C940BD /* NSRunningApplication+SmartActivate.m */ = {isa = PBXFileReference; fileEncoding = 4; lastKnownFileType = sourcecode.c.objc; path = "NSRunningApplication+SmartActivate.m"; sourceTree = "<group>"; };
		2C3F3B6E1C5E547D00C940BD /* DonationReminder.xcodeproj */ = {isa = PBXFileReference; lastKnownFileType = "wrapper.pb-project"; name = DonationReminder.xcodeproj; path = DonationReminder/DonationReminder.xcodeproj; sourceTree = "<group>"; };
		2C3F62B80F6E6E6600C42308 /* PDFMerger.h */ = {isa = PBXFileReference; fileEncoding = 4; lastKnownFileType = sourcecode.c.h; path = PDFMerger.h; sourceTree = "<group>"; };
		2C3F62B90F6E6E6600C42308 /* PDFMerger.m */ = {isa = PBXFileReference; fileEncoding = 4; lastKnownFileType = sourcecode.c.objc; path = PDFMerger.m; sourceTree = "<group>"; };
		2C3F658C0F6FBCFC00C42308 /* ProgressWindowController.h */ = {isa = PBXFileReference; fileEncoding = 4; lastKnownFileType = sourcecode.c.h; path = ProgressWindowController.h; sourceTree = "<group>"; };
		2C3F658D0F6FBCFC00C42308 /* ProgressWindowController.m */ = {isa = PBXFileReference; fileEncoding = 4; lastKnownFileType = sourcecode.c.objc; path = ProgressWindowController.m; sourceTree = "<group>"; };
		2C4545951071820A00AD3397 /* Credits.rtf */ = {isa = PBXFileReference; lastKnownFileType = text.rtf; path = Credits.rtf; sourceTree = "<group>"; };
		2C473ECF0A5E65D400096E8A /* History.txt */ = {isa = PBXFileReference; fileEncoding = 4; lastKnownFileType = text; name = History.txt; path = ../History.txt; sourceTree = "<group>"; };
		2C4740A60A5E71B000096E8A /* AppController.h */ = {isa = PBXFileReference; fileEncoding = 4; lastKnownFileType = sourcecode.c.h; path = AppController.h; sourceTree = "<group>"; };
		2C4740A70A5E71B000096E8A /* AppController.m */ = {isa = PBXFileReference; fileEncoding = 4; lastKnownFileType = sourcecode.c.objc; path = AppController.m; sourceTree = "<group>"; };
		2C4740B20A5E773500096E8A /* FactorySetting.plist */ = {isa = PBXFileReference; explicitFileType = text.plist; fileEncoding = 4; path = FactorySetting.plist; sourceTree = "<group>"; };
		2C55B79123FF997100519329 /* Base */ = {isa = PBXFileReference; lastKnownFileType = text.plist.strings; name = Base; path = Base.lproj/PathExtra_Localizable.strings; sourceTree = "<group>"; };
		2C55B79323FF9B3800519329 /* MergePDF.entitlements */ = {isa = PBXFileReference; lastKnownFileType = text.plist.entitlements; path = MergePDF.entitlements; sourceTree = "<group>"; };
		2C598200098712B3003D230C /* MergePDF.app */ = {isa = PBXFileReference; explicitFileType = wrapper.application; includeInIndex = 0; path = MergePDF.app; sourceTree = BUILT_PRODUCTS_DIR; };
		2C6242ED0D4983BF002F2745 /* SorterDelegate.applescript */ = {isa = PBXFileReference; fileEncoding = 4; lastKnownFileType = sourcecode.applescript; path = SorterDelegate.applescript; sourceTree = "<group>"; };
		2C6244D10D49A4CD002F2745 /* ProgressWindowController.applescript */ = {isa = PBXFileReference; fileEncoding = 4; lastKnownFileType = sourcecode.applescript; path = ProgressWindowController.applescript; sourceTree = "<group>"; };
		2C77B9640CFD576A00C4E9D3 /* Quartz.framework */ = {isa = PBXFileReference; lastKnownFileType = wrapper.framework; name = Quartz.framework; path = /System/Library/Frameworks/Quartz.framework; sourceTree = "<absolute>"; };
		2C7BDAB6071183220032351D /* ColumnDirection.png */ = {isa = PBXFileReference; lastKnownFileType = image.png; path = ColumnDirection.png; sourceTree = "<group>"; };
		2C7BDAB7071183220032351D /* RowDirection.png */ = {isa = PBXFileReference; lastKnownFileType = image.png; path = RowDirection.png; sourceTree = "<group>"; };
		2C812C6F1C5F7E3D005399C2 /* MergePDFHelp */ = {isa = PBXFileReference; lastKnownFileType = folder; path = MergePDFHelp; sourceTree = "<group>"; };
		2C88BD0F1C743F3A00290358 /* Base */ = {isa = PBXFileReference; lastKnownFileType = file.xib; name = Base; path = Base.lproj/MainMenu.xib; sourceTree = "<group>"; };
		2C88BD111C743F3A00290358 /* Base */ = {isa = PBXFileReference; lastKnownFileType = file.xib; name = Base; path = Base.lproj/ProgressWindow.xib; sourceTree = "<group>"; };
		2C88BD141C743F4600290358 /* ja */ = {isa = PBXFileReference; lastKnownFileType = text.plist.strings; name = ja; path = ja.lproj/MainMenu.strings; sourceTree = "<group>"; };
		2C88BD151C743F4A00290358 /* ja */ = {isa = PBXFileReference; lastKnownFileType = text.plist.strings; name = ja; path = ja.lproj/ProgressWindow.strings; sourceTree = "<group>"; };
		2C9BE5AA17F306D1003DA783 /* AppleScriptObjC.framework */ = {isa = PBXFileReference; lastKnownFileType = wrapper.framework; name = AppleScriptObjC.framework; path = System/Library/Frameworks/AppleScriptObjC.framework; sourceTree = SDKROOT; };
		2CA709901D52307500A7597F /* README.md */ = {isa = PBXFileReference; lastKnownFileType = net.daringfireball.markdown; path = README.md; sourceTree = "<group>"; };
		2CB1697A0711703000A527B5 /* MergePDF.icns */ = {isa = PBXFileReference; lastKnownFileType = image.icns; path = MergePDF.icns; sourceTree = "<group>"; };
		2CBDC69C1C6075270048384C /* DropBox.h */ = {isa = PBXFileReference; fileEncoding = 4; lastKnownFileType = sourcecode.c.h; path = DropBox.h; sourceTree = "<group>"; };
		2CBDC69D1C6075270048384C /* DropBox.m */ = {isa = PBXFileReference; fileEncoding = 4; lastKnownFileType = sourcecode.c.objc; path = DropBox.m; sourceTree = "<group>"; };
		2CBDC69E1C6075270048384C /* HFSTypeUtils.h */ = {isa = PBXFileReference; fileEncoding = 4; lastKnownFileType = sourcecode.c.h; path = HFSTypeUtils.h; sourceTree = "<group>"; };
		2CBDC69F1C6075270048384C /* HFSTypeUtils.m */ = {isa = PBXFileReference; fileEncoding = 4; lastKnownFileType = sourcecode.c.objc; path = HFSTypeUtils.m; sourceTree = "<group>"; };
		2CBDC6A91C607A580048384C /* ja */ = {isa = PBXFileReference; lastKnownFileType = text.plist.strings; name = ja; path = ja.lproj/PathExtra_Localizable.strings; sourceTree = "<group>"; };
		2CBDC6AA1C607A580048384C /* PathExtra.h */ = {isa = PBXFileReference; fileEncoding = 4; lastKnownFileType = sourcecode.c.h; path = PathExtra.h; sourceTree = "<group>"; };
		2CBDC6AB1C607A580048384C /* PathExtra.m */ = {isa = PBXFileReference; fileEncoding = 4; lastKnownFileType = sourcecode.c.objc; path = PathExtra.m; sourceTree = "<group>"; };
		2CBDC6B11C60BB9A0048384C /* en */ = {isa = PBXFileReference; lastKnownFileType = text.plist.strings; name = en; path = en.lproj/InfoPlist.strings; sourceTree = "<group>"; };
		2CBDC6B31C60BB9A0048384C /* en */ = {isa = PBXFileReference; fileEncoding = 10; lastKnownFileType = text.plist.strings; name = en; path = en.lproj/Localizable.strings; sourceTree = "<group>"; };
		2CBDC6B91C60BB9A0048384C /* en */ = {isa = PBXFileReference; fileEncoding = 10; lastKnownFileType = text.plist.strings; name = en; path = en.lproj/ServicesMenu.strings; sourceTree = "<group>"; };
		2CBDC6BF1C60BBA50048384C /* ja */ = {isa = PBXFileReference; lastKnownFileType = text.plist.strings; name = ja; path = ja.lproj/InfoPlist.strings; sourceTree = "<group>"; };
		2CBDC6C01C60BBAB0048384C /* ja */ = {isa = PBXFileReference; lastKnownFileType = text.plist.strings; name = ja; path = ja.lproj/Localizable.strings; sourceTree = "<group>"; };
		2CBDC6C31C60BBC40048384C /* ja */ = {isa = PBXFileReference; lastKnownFileType = text.plist.strings; name = ja; path = ja.lproj/ServicesMenu.strings; sourceTree = "<group>"; };
		2CD4055D0F75D11100B96300 /* dsa_pub.pem */ = {isa = PBXFileReference; fileEncoding = 4; lastKnownFileType = text; path = dsa_pub.pem; sourceTree = "<group>"; };
		2CD75DF61D22A693007FB66D /* AppleEventExtra.h */ = {isa = PBXFileReference; fileEncoding = 4; lastKnownFileType = sourcecode.c.h; path = AppleEventExtra.h; sourceTree = "<group>"; };
		2CD75DF71D22A693007FB66D /* AppleEventExtra.m */ = {isa = PBXFileReference; fileEncoding = 4; lastKnownFileType = sourcecode.c.objc; path = AppleEventExtra.m; sourceTree = "<group>"; };
		4BB6E4DF7337801042548731 /* Pods-MergePDF.debug.xcconfig */ = {isa = PBXFileReference; includeInIndex = 1; lastKnownFileType = text.xcconfig; name = "Pods-MergePDF.debug.xcconfig"; path = "Pods/Target Support Files/Pods-MergePDF/Pods-MergePDF.debug.xcconfig"; sourceTree = "<group>"; };
		6CE72CC5BA3B6B3C40B43039 /* Pods-MergePDF.default.xcconfig */ = {isa = PBXFileReference; includeInIndex = 1; lastKnownFileType = text.xcconfig; name = "Pods-MergePDF.default.xcconfig"; path = "Pods/Target Support Files/Pods-MergePDF/Pods-MergePDF.default.xcconfig"; sourceTree = "<group>"; };
		BAF279F8FCA409CDA7F5BE36 /* libPods-MergePDF.a */ = {isa = PBXFileReference; explicitFileType = archive.ar; includeInIndex = 0; path = "libPods-MergePDF.a"; sourceTree = BUILT_PRODUCTS_DIR; };
		DA206CF1015C4E2903C91932 /* AppleScriptKit.framework */ = {isa = PBXFileReference; lastKnownFileType = wrapper.framework; name = AppleScriptKit.framework; path = /System/Library/Frameworks/AppleScriptKit.framework; sourceTree = "<absolute>"; };
		F15CE80FF07CAFC891A60BC6 /* Pods-MergePDF.release.xcconfig */ = {isa = PBXFileReference; includeInIndex = 1; lastKnownFileType = text.xcconfig; name = "Pods-MergePDF.release.xcconfig"; path = "Pods/Target Support Files/Pods-MergePDF/Pods-MergePDF.release.xcconfig"; sourceTree = "<group>"; };
/* End PBXFileReference section */

/* Begin PBXFrameworksBuildPhase section */
		2C5981F8098712B2003D230C /* Frameworks */ = {
			isa = PBXFrameworksBuildPhase;
			buildActionMask = 2147483647;
			files = (
				2C5981F9098712B2003D230C /* Cocoa.framework in Frameworks */,
				2C77B96A0CFD576A00C4E9D3 /* Quartz.framework in Frameworks */,
				2C9BE5AB17F306D1003DA783 /* AppleScriptObjC.framework in Frameworks */,
				2C3F3B7C1C5E590E00C940BD /* DonationReminder.framework in Frameworks */,
				7914D11A41E53ED7675284EF /* libPods-MergePDF.a in Frameworks */,
			);
			runOnlyForDeploymentPostprocessing = 0;
		};
/* End PBXFrameworksBuildPhase section */

/* Begin PBXGroup section */
		080E96DDFE201D6D7F000001 /* Scripts */ = {
			isa = PBXGroup;
			children = (
				2C6244D10D49A4CD002F2745 /* ProgressWindowController.applescript */,
				2C6242ED0D4983BF002F2745 /* SorterDelegate.applescript */,
			);
			name = Scripts;
			sourceTree = "<group>";
		};
		1058C7A0FEA54F0111CA2CBB /* Linked Frameworks */ = {
			isa = PBXGroup;
			children = (
				1058C7A1FEA54F0111CA2CBB /* Cocoa.framework */,
				DA206CF1015C4E2903C91932 /* AppleScriptKit.framework */,
				2C9BE5AA17F306D1003DA783 /* AppleScriptObjC.framework */,
			);
			name = "Linked Frameworks";
			sourceTree = "<group>";
		};
		1058C7A2FEA54F0111CA2CBB /* Other Frameworks */ = {
			isa = PBXGroup;
			children = (
				2C77B9640CFD576A00C4E9D3 /* Quartz.framework */,
				29B97325FDCFA39411CA2CEA /* Foundation.framework */,
				29B97324FDCFA39411CA2CEA /* AppKit.framework */,
			);
			name = "Other Frameworks";
			sourceTree = "<group>";
		};
		19C28FACFE9D520D11CA2CBB /* Products */ = {
			isa = PBXGroup;
			children = (
				2C598200098712B3003D230C /* MergePDF.app */,
			);
			name = Products;
			sourceTree = "<group>";
		};
		29B97314FDCFA39411CA2CEA /* Application */ = {
			isa = PBXGroup;
			children = (
				2C55B79323FF9B3800519329 /* MergePDF.entitlements */,
				2C473ECF0A5E65D400096E8A /* History.txt */,
				2CBDC6A61C607A580048384C /* PathExtra */,
				2CBDC69B1C6075270048384C /* DropBox */,
				2C3F62B30F6E6DD400C42308 /* Classes */,
				080E96DDFE201D6D7F000001 /* Scripts */,
				2CD75DF51D22A693007FB66D /* AppleEventExtra */,
				29B97317FDCFA39411CA2CEA /* Resources */,
				29B97315FDCFA39411CA2CEA /* Other Sources */,
				29B97323FDCFA39411CA2CEA /* Frameworks */,
				19C28FACFE9D520D11CA2CBB /* Products */,
				2C3F3B6E1C5E547D00C940BD /* DonationReminder.xcodeproj */,
				BF485909E9DAE298DCB0E6AF /* Pods */,
				2CA709901D52307500A7597F /* README.md */,
			);
			name = Application;
			sourceTree = "<group>";
		};
		29B97315FDCFA39411CA2CEA /* Other Sources */ = {
			isa = PBXGroup;
			children = (
				29B97316FDCFA39411CA2CEA /* main.m */,
			);
			name = "Other Sources";
			sourceTree = "<group>";
		};
		29B97317FDCFA39411CA2CEA /* Resources */ = {
			isa = PBXGroup;
			children = (
				2C88BD0E1C743F3A00290358 /* MainMenu.xib */,
				2C88BD101C743F3A00290358 /* ProgressWindow.xib */,
				2CBDC6B01C60BB9A0048384C /* InfoPlist.strings */,
				2CBDC6B21C60BB9A0048384C /* Localizable.strings */,
				2CBDC6B81C60BB9A0048384C /* ServicesMenu.strings */,
				2C812C6F1C5F7E3D005399C2 /* MergePDFHelp */,
				2C4545951071820A00AD3397 /* Credits.rtf */,
				2CD4055D0F75D11100B96300 /* dsa_pub.pem */,
				2C16DF520A8354C800B4D6E3 /* HelpSetup.plist */,
				2C4740B20A5E773500096E8A /* FactorySetting.plist */,
				2C31A2000987453E003BE6E4 /* Info-MergePDF.plist */,
				2C7BDAB6071183220032351D /* ColumnDirection.png */,
				2C7BDAB7071183220032351D /* RowDirection.png */,
				2CB1697A0711703000A527B5 /* MergePDF.icns */,
			);
			name = Resources;
			sourceTree = "<group>";
		};
		29B97323FDCFA39411CA2CEA /* Frameworks */ = {
			isa = PBXGroup;
			children = (
				1058C7A0FEA54F0111CA2CBB /* Linked Frameworks */,
				1058C7A2FEA54F0111CA2CBB /* Other Frameworks */,
				BAF279F8FCA409CDA7F5BE36 /* libPods-MergePDF.a */,
			);
			name = Frameworks;
			sourceTree = "<group>";
		};
		2C3F3B6F1C5E547D00C940BD /* Products */ = {
			isa = PBXGroup;
			children = (
				2C3F3B731C5E547E00C940BD /* DonationReminder.framework */,
			);
			name = Products;
			sourceTree = "<group>";
		};
		2C3F62B30F6E6DD400C42308 /* Classes */ = {
			isa = PBXGroup;
			children = (
				2C3F62B80F6E6E6600C42308 /* PDFMerger.h */,
				2C3F62B90F6E6E6600C42308 /* PDFMerger.m */,
				2C4740A60A5E71B000096E8A /* AppController.h */,
				2C4740A70A5E71B000096E8A /* AppController.m */,
				2C3F658C0F6FBCFC00C42308 /* ProgressWindowController.h */,
				2C3F658D0F6FBCFC00C42308 /* ProgressWindowController.m */,
				2C3F3B6A1C5DEE8600C940BD /* NSRunningApplication+SmartActivate.h */,
				2C3F3B6B1C5DEE8600C940BD /* NSRunningApplication+SmartActivate.m */,
			);
			name = Classes;
			sourceTree = "<group>";
		};
		2CBDC69B1C6075270048384C /* DropBox */ = {
			isa = PBXGroup;
			children = (
				2CBDC69C1C6075270048384C /* DropBox.h */,
				2CBDC69D1C6075270048384C /* DropBox.m */,
				2CBDC69E1C6075270048384C /* HFSTypeUtils.h */,
				2CBDC69F1C6075270048384C /* HFSTypeUtils.m */,
			);
			path = DropBox;
			sourceTree = "<group>";
		};
		2CBDC6A61C607A580048384C /* PathExtra */ = {
			isa = PBXGroup;
			children = (
				2CBDC6A71C607A580048384C /* PathExtra_Localizable.strings */,
				2CBDC6AA1C607A580048384C /* PathExtra.h */,
				2CBDC6AB1C607A580048384C /* PathExtra.m */,
			);
			path = PathExtra;
			sourceTree = "<group>";
		};
		2CD75DF51D22A693007FB66D /* AppleEventExtra */ = {
			isa = PBXGroup;
			children = (
				2CD75DF61D22A693007FB66D /* AppleEventExtra.h */,
				2CD75DF71D22A693007FB66D /* AppleEventExtra.m */,
			);
			path = AppleEventExtra;
			sourceTree = "<group>";
		};
		BF485909E9DAE298DCB0E6AF /* Pods */ = {
			isa = PBXGroup;
			children = (
				4BB6E4DF7337801042548731 /* Pods-MergePDF.debug.xcconfig */,
				F15CE80FF07CAFC891A60BC6 /* Pods-MergePDF.release.xcconfig */,
				6CE72CC5BA3B6B3C40B43039 /* Pods-MergePDF.default.xcconfig */,
			);
			name = Pods;
			sourceTree = "<group>";
		};
/* End PBXGroup section */

/* Begin PBXHeadersBuildPhase section */
		2C5981EC098712B2003D230C /* Headers */ = {
			isa = PBXHeadersBuildPhase;
			buildActionMask = 2147483647;
			files = (
				2C4740A80A5E71B000096E8A /* AppController.h in Headers */,
				2C3F62BA0F6E6E6600C42308 /* PDFMerger.h in Headers */,
				2C3F658E0F6FBCFC00C42308 /* ProgressWindowController.h in Headers */,
				2C3F3B6C1C5DEE8600C940BD /* NSRunningApplication+SmartActivate.h in Headers */,
				2CBDC6A01C6075270048384C /* DropBox.h in Headers */,
				2CBDC6A21C6075270048384C /* HFSTypeUtils.h in Headers */,
				2CBDC6AD1C607A580048384C /* PathExtra.h in Headers */,
				2CD75DF81D22A693007FB66D /* AppleEventExtra.h in Headers */,
			);
			runOnlyForDeploymentPostprocessing = 0;
		};
/* End PBXHeadersBuildPhase section */

/* Begin PBXNativeTarget section */
		2C5981EB098712B2003D230C /* MergePDF */ = {
			isa = PBXNativeTarget;
			buildConfigurationList = 2C5981FB098712B2003D230C /* Build configuration list for PBXNativeTarget "MergePDF" */;
			buildPhases = (
				EC6FA1403883E6F80C598B54 /* [CP] Check Pods Manifest.lock */,
				2CA8397714986FF00020DF9E /* ShellScript */,
				2C5981EC098712B2003D230C /* Headers */,
				2C5981EF098712B2003D230C /* Resources */,
				2C5981F6098712B2003D230C /* Sources */,
				2C5981F8098712B2003D230C /* Frameworks */,
				2CD12A830D40A4A2004BF0C5 /* CopyFiles */,
				2CF84035158049E2004E5E20 /* ShellScript */,
				82B9A1DE4D3D9B4C52FF70E6 /* [CP] Embed Pods Frameworks */,
			);
			buildRules = (
			);
			dependencies = (
				2C3F3B751C5E54E600C940BD /* PBXTargetDependency */,
			);
			name = MergePDF;
			productInstallPath = "$(HOME)/Applications";
			productName = Application;
			productReference = 2C598200098712B3003D230C /* MergePDF.app */;
			productType = "com.apple.product-type.application";
		};
/* End PBXNativeTarget section */

/* Begin PBXProject section */
		29B97313FDCFA39411CA2CEA /* Project object */ = {
			isa = PBXProject;
			attributes = {
				LastUpgradeCheck = 1130;
				TargetAttributes = {
					2C5981EB098712B2003D230C = {
						DevelopmentTeam = 5VBC6385DN;
					};
				};
			};
			buildConfigurationList = 2CAA8C6C0933698B009EC6A1 /* Build configuration list for PBXProject "MergePDF" */;
			compatibilityVersion = "Xcode 8.0";
			developmentRegion = en;
			hasScannedForEncodings = 1;
			knownRegions = (
				en,
				ja,
				Base,
			);
			mainGroup = 29B97314FDCFA39411CA2CEA /* Application */;
			productRefGroup = 19C28FACFE9D520D11CA2CBB /* Products */;
			projectDirPath = "";
			projectReferences = (
				{
					ProductGroup = 2C3F3B6F1C5E547D00C940BD /* Products */;
					ProjectRef = 2C3F3B6E1C5E547D00C940BD /* DonationReminder.xcodeproj */;
				},
			);
			projectRoot = "";
			targets = (
				2C5981EB098712B2003D230C /* MergePDF */,
			);
		};
/* End PBXProject section */

/* Begin PBXReferenceProxy section */
		2C3F3B731C5E547E00C940BD /* DonationReminder.framework */ = {
			isa = PBXReferenceProxy;
			fileType = wrapper.framework;
			path = DonationReminder.framework;
			remoteRef = 2C3F3B721C5E547E00C940BD /* PBXContainerItemProxy */;
			sourceTree = BUILT_PRODUCTS_DIR;
		};
/* End PBXReferenceProxy section */

/* Begin PBXResourcesBuildPhase section */
		2C5981EF098712B2003D230C /* Resources */ = {
			isa = PBXResourcesBuildPhase;
			buildActionMask = 2147483647;
			files = (
				2C5981F2098712B2003D230C /* MergePDF.icns in Resources */,
				2C5981F3098712B2003D230C /* ColumnDirection.png in Resources */,
				2C5981F4098712B2003D230C /* RowDirection.png in Resources */,
				2C4740B30A5E773500096E8A /* FactorySetting.plist in Resources */,
				2C16DF530A8354C900B4D6E3 /* HelpSetup.plist in Resources */,
				2CD4055E0F75D11100B96300 /* dsa_pub.pem in Resources */,
				2C4545961071820A00AD3397 /* Credits.rtf in Resources */,
				2C812C701C5F7E3D005399C2 /* MergePDFHelp in Resources */,
				2CBDC6AC1C607A580048384C /* PathExtra_Localizable.strings in Resources */,
				2CBDC6BA1C60BB9A0048384C /* InfoPlist.strings in Resources */,
				2CBDC6BB1C60BB9A0048384C /* Localizable.strings in Resources */,
				2CBDC6BE1C60BB9A0048384C /* ServicesMenu.strings in Resources */,
				2C88BD121C743F3A00290358 /* MainMenu.xib in Resources */,
				2C88BD131C743F3A00290358 /* ProgressWindow.xib in Resources */,
			);
			runOnlyForDeploymentPostprocessing = 0;
		};
/* End PBXResourcesBuildPhase section */

/* Begin PBXShellScriptBuildPhase section */
		2CA8397714986FF00020DF9E /* ShellScript */ = {
			isa = PBXShellScriptBuildPhase;
			buildActionMask = 2147483647;
			files = (
			);
			inputPaths = (
			);
			outputPaths = (
			);
			runOnlyForDeploymentPostprocessing = 0;
			shellPath = /bin/sh;
			shellScript = "#make -f LocalizeTools/localize.mk target_lang=ja nibs='MainMenu.nib ProgressWindow.nib'\n";
		};
		2CF84035158049E2004E5E20 /* ShellScript */ = {
			isa = PBXShellScriptBuildPhase;
			buildActionMask = 8;
			files = (
			);
			inputPaths = (
			);
			outputPaths = (
			);
			runOnlyForDeploymentPostprocessing = 1;
			shellPath = /bin/sh;
			shellScript = "if [ ! \"$CONFIGURATION\" = 'Release' ]; then\necho \"HelpBook setup script will run only with Release configuration\";\nexit 0\nfi\n\ncd \"$BUILT_PRODUCTS_DIR\"\nSetupHelpBook \"$FULL_PRODUCT_NAME\"\n\n";
		};
		82B9A1DE4D3D9B4C52FF70E6 /* [CP] Embed Pods Frameworks */ = {
			isa = PBXShellScriptBuildPhase;
			buildActionMask = 2147483647;
			files = (
			);
			inputPaths = (
				"${SRCROOT}/Pods/Target Support Files/Pods-MergePDF/Pods-MergePDF-frameworks.sh",
				"${PODS_ROOT}/Sparkle/Sparkle.framework",
				"${PODS_ROOT}/Sparkle/Sparkle.framework.dSYM",
			);
			name = "[CP] Embed Pods Frameworks";
			outputPaths = (
				"${TARGET_BUILD_DIR}/${FRAMEWORKS_FOLDER_PATH}/Sparkle.framework",
				"${DWARF_DSYM_FOLDER_PATH}/Sparkle.framework.dSYM",
			);
			runOnlyForDeploymentPostprocessing = 0;
			shellPath = /bin/sh;
			shellScript = "\"${SRCROOT}/Pods/Target Support Files/Pods-MergePDF/Pods-MergePDF-frameworks.sh\"\n";
			showEnvVarsInLog = 0;
		};
		EC6FA1403883E6F80C598B54 /* [CP] Check Pods Manifest.lock */ = {
			isa = PBXShellScriptBuildPhase;
			buildActionMask = 2147483647;
			files = (
			);
			inputPaths = (
				"${PODS_PODFILE_DIR_PATH}/Podfile.lock",
				"${PODS_ROOT}/Manifest.lock",
			);
			name = "[CP] Check Pods Manifest.lock";
			outputPaths = (
				"$(DERIVED_FILE_DIR)/Pods-MergePDF-checkManifestLockResult.txt",
			);
			runOnlyForDeploymentPostprocessing = 0;
			shellPath = /bin/sh;
			shellScript = "diff \"${PODS_PODFILE_DIR_PATH}/Podfile.lock\" \"${PODS_ROOT}/Manifest.lock\" > /dev/null\nif [ $? != 0 ] ; then\n    # print error to STDERR\n    echo \"error: The sandbox is not in sync with the Podfile.lock. Run 'pod install' or update your CocoaPods installation.\" >&2\n    exit 1\nfi\n# This output is used by Xcode 'outputs' to avoid re-running this script phase.\necho \"SUCCESS\" > \"${SCRIPT_OUTPUT_FILE_0}\"\n";
			showEnvVarsInLog = 0;
		};
/* End PBXShellScriptBuildPhase section */

/* Begin PBXSourcesBuildPhase section */
		2C5981F6098712B2003D230C /* Sources */ = {
			isa = PBXSourcesBuildPhase;
			buildActionMask = 2147483647;
			files = (
				2CD75DF91D22A693007FB66D /* AppleEventExtra.m in Sources */,
				2C6244D20D49A4CD002F2745 /* ProgressWindowController.applescript in Sources */,
				2C6242EE0D4983BF002F2745 /* SorterDelegate.applescript in Sources */,
				2C5981F7098712B2003D230C /* main.m in Sources */,
				2C4740A90A5E71B000096E8A /* AppController.m in Sources */,
				2C3F62BB0F6E6E6600C42308 /* PDFMerger.m in Sources */,
				2C3F658F0F6FBCFC00C42308 /* ProgressWindowController.m in Sources */,
				2C3F3B6D1C5DEE8600C940BD /* NSRunningApplication+SmartActivate.m in Sources */,
				2CBDC6A11C6075270048384C /* DropBox.m in Sources */,
				2CBDC6A31C6075270048384C /* HFSTypeUtils.m in Sources */,
				2CBDC6AE1C607A580048384C /* PathExtra.m in Sources */,
			);
			runOnlyForDeploymentPostprocessing = 0;
		};
/* End PBXSourcesBuildPhase section */

/* Begin PBXTargetDependency section */
		2C3F3B751C5E54E600C940BD /* PBXTargetDependency */ = {
			isa = PBXTargetDependency;
			name = DonationReminder;
			targetProxy = 2C3F3B741C5E54E600C940BD /* PBXContainerItemProxy */;
		};
/* End PBXTargetDependency section */

/* Begin PBXVariantGroup section */
		2C88BD0E1C743F3A00290358 /* MainMenu.xib */ = {
			isa = PBXVariantGroup;
			children = (
				2C88BD0F1C743F3A00290358 /* Base */,
				2C88BD141C743F4600290358 /* ja */,
			);
			name = MainMenu.xib;
			sourceTree = "<group>";
		};
		2C88BD101C743F3A00290358 /* ProgressWindow.xib */ = {
			isa = PBXVariantGroup;
			children = (
				2C88BD111C743F3A00290358 /* Base */,
				2C88BD151C743F4A00290358 /* ja */,
			);
			name = ProgressWindow.xib;
			sourceTree = "<group>";
		};
		2CBDC6A71C607A580048384C /* PathExtra_Localizable.strings */ = {
			isa = PBXVariantGroup;
			children = (
				2CBDC6A91C607A580048384C /* ja */,
				2C55B79123FF997100519329 /* Base */,
			);
			name = PathExtra_Localizable.strings;
			sourceTree = "<group>";
		};
		2CBDC6B01C60BB9A0048384C /* InfoPlist.strings */ = {
			isa = PBXVariantGroup;
			children = (
				2CBDC6B11C60BB9A0048384C /* en */,
				2CBDC6BF1C60BBA50048384C /* ja */,
			);
			name = InfoPlist.strings;
			sourceTree = "<group>";
		};
		2CBDC6B21C60BB9A0048384C /* Localizable.strings */ = {
			isa = PBXVariantGroup;
			children = (
				2CBDC6B31C60BB9A0048384C /* en */,
				2CBDC6C01C60BBAB0048384C /* ja */,
			);
			name = Localizable.strings;
			sourceTree = "<group>";
		};
		2CBDC6B81C60BB9A0048384C /* ServicesMenu.strings */ = {
			isa = PBXVariantGroup;
			children = (
				2CBDC6B91C60BB9A0048384C /* en */,
				2CBDC6C31C60BBC40048384C /* ja */,
			);
			name = ServicesMenu.strings;
			sourceTree = "<group>";
		};
/* End PBXVariantGroup section */

/* Begin XCBuildConfiguration section */
		2C5981FC098712B2003D230C /* Debug */ = {
			isa = XCBuildConfiguration;
			baseConfigurationReference = 4BB6E4DF7337801042548731 /* Pods-MergePDF.debug.xcconfig */;
			buildSettings = {
				CLANG_ENABLE_OBJC_ARC = YES;
				CODE_SIGN_ENTITLEMENTS = MergePDF.entitlements;
				CODE_SIGN_IDENTITY = "Apple Development";
				COMBINE_HIDPI_IMAGES = YES;
				COPYRIGHT = "Copyright 1998-2016, Tetsuro KURITA";
				COPY_PHASE_STRIP = NO;
				CURRENT_PROJECT_VERSION = 24;
				ENABLE_HARDENED_RUNTIME = YES;
				FRAMEWORK_SEARCH_PATHS = (
					"$(inherited)",
					"\"$(SRCROOT)\"",
				);
				GCC_DYNAMIC_NO_PIC = NO;
				GCC_GENERATE_DEBUGGING_SYMBOLS = YES;
				GCC_OPTIMIZATION_LEVEL = 0;
				INFOPLIST_FILE = "Info-MergePDF.plist";
				INSTALL_PATH = "$(HOME)/Applications";
				LIBRARY_SEARCH_PATHS = "";
				PRODUCT_BUNDLE_IDENTIFIER = "net.script-factory.MergePDF";
				PRODUCT_NAME = MergePDF;
				PRODUCT_VERSION = 2.4;
				SDKROOT = macosx;
				SECTORDER_FLAGS = "";
				VERSIONING_SYSTEM = "apple-generic";
				WARNING_CFLAGS = (
					"-Wmost",
					"-Wno-four-char-constants",
					"-Wno-unknown-pragmas",
				);
				WRAPPER_EXTENSION = app;
			};
			name = Debug;
		};
		2C5981FD098712B2003D230C /* Release */ = {
			isa = XCBuildConfiguration;
			baseConfigurationReference = F15CE80FF07CAFC891A60BC6 /* Pods-MergePDF.release.xcconfig */;
			buildSettings = {
				CLANG_ENABLE_OBJC_ARC = YES;
				CODE_SIGN_ENTITLEMENTS = MergePDF.entitlements;
				CODE_SIGN_IDENTITY = "Apple Development";
				COMBINE_HIDPI_IMAGES = YES;
				COPYRIGHT = "Copyright 1998-2016, Tetsuro KURITA";
				COPY_PHASE_STRIP = YES;
				CURRENT_PROJECT_VERSION = 24;
				ENABLE_HARDENED_RUNTIME = YES;
				FRAMEWORK_SEARCH_PATHS = (
					"$(inherited)",
					"\"$(SRCROOT)\"",
				);
				INFOPLIST_FILE = "Info-MergePDF.plist";
				INSTALL_PATH = /Applications;
				LIBRARY_SEARCH_PATHS = "";
				PRODUCT_BUNDLE_IDENTIFIER = "net.script-factory.MergePDF";
				PRODUCT_NAME = MergePDF;
				PRODUCT_VERSION = 2.4;
				SDKROOT = macosx;
				SECTORDER_FLAGS = "";
				VERSIONING_SYSTEM = "apple-generic";
				WARNING_CFLAGS = (
					"-Wmost",
					"-Wno-four-char-constants",
					"-Wno-unknown-pragmas",
				);
				WRAPPER_EXTENSION = app;
			};
			name = Release;
		};
		2C5981FE098712B2003D230C /* Default */ = {
			isa = XCBuildConfiguration;
			baseConfigurationReference = 6CE72CC5BA3B6B3C40B43039 /* Pods-MergePDF.default.xcconfig */;
			buildSettings = {
				CLANG_ENABLE_OBJC_ARC = YES;
				CODE_SIGN_ENTITLEMENTS = MergePDF.entitlements;
				CODE_SIGN_IDENTITY = "Apple Development";
				COMBINE_HIDPI_IMAGES = YES;
				COPYRIGHT = "Copyright 1998-2016, Tetsuro KURITA";
				CURRENT_PROJECT_VERSION = 24;
				ENABLE_HARDENED_RUNTIME = YES;
				FRAMEWORK_SEARCH_PATHS = (
					"$(inherited)",
					"\"$(SRCROOT)\"",
				);
				INFOPLIST_FILE = "English.lproj/Info-MergePDF.plist";
				INSTALL_PATH = "$(HOME)/Applications";
				LIBRARY_SEARCH_PATHS = "";
				PRODUCT_BUNDLE_IDENTIFIER = "net.script-factory.MergePDF";
				PRODUCT_NAME = MergePDF;
				PRODUCT_VERSION = 2.4;
				SDKROOT = macosx;
				SECTORDER_FLAGS = "";
				VERSIONING_SYSTEM = "apple-generic";
				WARNING_CFLAGS = (
					"-Wmost",
					"-Wno-four-char-constants",
					"-Wno-unknown-pragmas",
				);
				WRAPPER_EXTENSION = app;
			};
			name = Default;
		};
		2CAA8C6D0933698B009EC6A1 /* Debug */ = {
			isa = XCBuildConfiguration;
			buildSettings = {
				ALWAYS_SEARCH_USER_PATHS = NO;
				CLANG_ANALYZER_LOCALIZABILITY_NONLOCALIZED = YES;
				CLANG_WARN_BLOCK_CAPTURE_AUTORELEASING = YES;
				CLANG_WARN_BOOL_CONVERSION = YES;
				CLANG_WARN_COMMA = YES;
				CLANG_WARN_CONSTANT_CONVERSION = YES;
				CLANG_WARN_DEPRECATED_OBJC_IMPLEMENTATIONS = YES;
				CLANG_WARN_EMPTY_BODY = YES;
				CLANG_WARN_ENUM_CONVERSION = YES;
				CLANG_WARN_INFINITE_RECURSION = YES;
				CLANG_WARN_INT_CONVERSION = YES;
				CLANG_WARN_NON_LITERAL_NULL_CONVERSION = YES;
				CLANG_WARN_OBJC_IMPLICIT_RETAIN_SELF = YES;
				CLANG_WARN_OBJC_LITERAL_CONVERSION = YES;
				CLANG_WARN_RANGE_LOOP_ANALYSIS = YES;
				CLANG_WARN_STRICT_PROTOTYPES = YES;
				CLANG_WARN_SUSPICIOUS_MOVE = YES;
				CLANG_WARN_UNREACHABLE_CODE = YES;
				CLANG_WARN__DUPLICATE_METHOD_MATCH = YES;
				ENABLE_STRICT_OBJC_MSGSEND = YES;
				ENABLE_TESTABILITY = YES;
				GCC_C_LANGUAGE_STANDARD = gnu99;
				GCC_NO_COMMON_BLOCKS = YES;
				GCC_WARN_64_TO_32_BIT_CONVERSION = YES;
				GCC_WARN_ABOUT_RETURN_TYPE = YES;
				GCC_WARN_UNDECLARED_SELECTOR = YES;
				GCC_WARN_UNINITIALIZED_AUTOS = YES;
				GCC_WARN_UNUSED_FUNCTION = YES;
				GCC_WARN_UNUSED_VARIABLE = YES;
				MACOSX_DEPLOYMENT_TARGET = 10.11;
				ONLY_ACTIVE_ARCH = YES;
				SDKROOT = macosx;
			};
			name = Debug;
		};
		2CAA8C6E0933698B009EC6A1 /* Release */ = {
			isa = XCBuildConfiguration;
			buildSettings = {
				ALWAYS_SEARCH_USER_PATHS = NO;
				CLANG_ANALYZER_LOCALIZABILITY_NONLOCALIZED = YES;
				CLANG_WARN_BLOCK_CAPTURE_AUTORELEASING = YES;
				CLANG_WARN_BOOL_CONVERSION = YES;
				CLANG_WARN_COMMA = YES;
				CLANG_WARN_CONSTANT_CONVERSION = YES;
				CLANG_WARN_DEPRECATED_OBJC_IMPLEMENTATIONS = YES;
				CLANG_WARN_EMPTY_BODY = YES;
				CLANG_WARN_ENUM_CONVERSION = YES;
				CLANG_WARN_INFINITE_RECURSION = YES;
				CLANG_WARN_INT_CONVERSION = YES;
				CLANG_WARN_NON_LITERAL_NULL_CONVERSION = YES;
				CLANG_WARN_OBJC_IMPLICIT_RETAIN_SELF = YES;
				CLANG_WARN_OBJC_LITERAL_CONVERSION = YES;
				CLANG_WARN_RANGE_LOOP_ANALYSIS = YES;
				CLANG_WARN_STRICT_PROTOTYPES = YES;
				CLANG_WARN_SUSPICIOUS_MOVE = YES;
				CLANG_WARN_UNREACHABLE_CODE = YES;
				CLANG_WARN__DUPLICATE_METHOD_MATCH = YES;
				ENABLE_STRICT_OBJC_MSGSEND = YES;
				GCC_C_LANGUAGE_STANDARD = gnu99;
				GCC_NO_COMMON_BLOCKS = YES;
				GCC_WARN_64_TO_32_BIT_CONVERSION = YES;
				GCC_WARN_ABOUT_RETURN_TYPE = YES;
				GCC_WARN_UNDECLARED_SELECTOR = YES;
				GCC_WARN_UNINITIALIZED_AUTOS = YES;
				GCC_WARN_UNUSED_FUNCTION = YES;
				GCC_WARN_UNUSED_VARIABLE = YES;
				MACOSX_DEPLOYMENT_TARGET = 10.11;
				SDKROOT = macosx;
			};
			name = Release;
		};
		2CAA8C6F0933698B009EC6A1 /* Default */ = {
			isa = XCBuildConfiguration;
			buildSettings = {
				ALWAYS_SEARCH_USER_PATHS = NO;
				CLANG_ANALYZER_LOCALIZABILITY_NONLOCALIZED = YES;
				CLANG_WARN_BLOCK_CAPTURE_AUTORELEASING = YES;
				CLANG_WARN_BOOL_CONVERSION = YES;
				CLANG_WARN_COMMA = YES;
				CLANG_WARN_CONSTANT_CONVERSION = YES;
				CLANG_WARN_DEPRECATED_OBJC_IMPLEMENTATIONS = YES;
				CLANG_WARN_EMPTY_BODY = YES;
				CLANG_WARN_ENUM_CONVERSION = YES;
				CLANG_WARN_INFINITE_RECURSION = YES;
				CLANG_WARN_INT_CONVERSION = YES;
				CLANG_WARN_NON_LITERAL_NULL_CONVERSION = YES;
				CLANG_WARN_OBJC_IMPLICIT_RETAIN_SELF = YES;
				CLANG_WARN_OBJC_LITERAL_CONVERSION = YES;
				CLANG_WARN_RANGE_LOOP_ANALYSIS = YES;
				CLANG_WARN_STRICT_PROTOTYPES = YES;
				CLANG_WARN_SUSPICIOUS_MOVE = YES;
				CLANG_WARN_UNREACHABLE_CODE = YES;
				CLANG_WARN__DUPLICATE_METHOD_MATCH = YES;
				ENABLE_STRICT_OBJC_MSGSEND = YES;
				GCC_C_LANGUAGE_STANDARD = gnu99;
				GCC_NO_COMMON_BLOCKS = YES;
				GCC_WARN_64_TO_32_BIT_CONVERSION = YES;
				GCC_WARN_ABOUT_RETURN_TYPE = YES;
				GCC_WARN_UNDECLARED_SELECTOR = YES;
				GCC_WARN_UNINITIALIZED_AUTOS = YES;
				GCC_WARN_UNUSED_FUNCTION = YES;
				GCC_WARN_UNUSED_VARIABLE = YES;
				MACOSX_DEPLOYMENT_TARGET = 10.11;
				SDKROOT = macosx;
			};
			name = Default;
		};
/* End XCBuildConfiguration section */

/* Begin XCConfigurationList section */
		2C5981FB098712B2003D230C /* Build configuration list for PBXNativeTarget "MergePDF" */ = {
			isa = XCConfigurationList;
			buildConfigurations = (
				2C5981FC098712B2003D230C /* Debug */,
				2C5981FD098712B2003D230C /* Release */,
				2C5981FE098712B2003D230C /* Default */,
			);
			defaultConfigurationIsVisible = 0;
			defaultConfigurationName = Release;
		};
		2CAA8C6C0933698B009EC6A1 /* Build configuration list for PBXProject "MergePDF" */ = {
			isa = XCConfigurationList;
			buildConfigurations = (
				2CAA8C6D0933698B009EC6A1 /* Debug */,
				2CAA8C6E0933698B009EC6A1 /* Release */,
				2CAA8C6F0933698B009EC6A1 /* Default */,
			);
			defaultConfigurationIsVisible = 0;
			defaultConfigurationName = Release;
		};
/* End XCConfigurationList section */
	};
	rootObject = 29B97313FDCFA39411CA2CEA /* Project object */;
}
