// !$*UTF8*$!
{
	archiveVersion = 1;
	classes = {
	};
	objectVersion = 46;
	objects = {

/* Begin PBXAppleScriptBuildPhase section */
		2C5981ED098712B2003D230C /* AppleScript */ = {
			isa = PBXAppleScriptBuildPhase;
			buildActionMask = 2147483647;
			contextName = "";
			files = (
			);
			isSharedContext = 0;
			runOnlyForDeploymentPostprocessing = 0;
		};
/* End PBXAppleScriptBuildPhase section */

/* Begin PBXBuildFile section */
		2C0E49DA1C5F1DD9008B1DD4 /* Sparkle.framework in CopyFiles */ = {isa = PBXBuildFile; fileRef = 2C3F3B771C5E56D100C940BD /* Sparkle.framework */; };
		2C16DF530A8354C900B4D6E3 /* HelpSetup.plist in Resources */ = {isa = PBXBuildFile; fileRef = 2C16DF520A8354C800B4D6E3 /* HelpSetup.plist */; };
		2C3F3B6C1C5DEE8600C940BD /* NSRunningApplication+SmartActivate.h in Headers */ = {isa = PBXBuildFile; fileRef = 2C3F3B6A1C5DEE8600C940BD /* NSRunningApplication+SmartActivate.h */; };
		2C3F3B6D1C5DEE8600C940BD /* NSRunningApplication+SmartActivate.m in Sources */ = {isa = PBXBuildFile; fileRef = 2C3F3B6B1C5DEE8600C940BD /* NSRunningApplication+SmartActivate.m */; };
		2C3F3B761C5E550600C940BD /* DonationReminder.framework in CopyFiles */ = {isa = PBXBuildFile; fileRef = 2C3F3B731C5E547E00C940BD /* DonationReminder.framework */; };
		2C3F3B791C5E578900C940BD /* Sparkle.framework in Frameworks */ = {isa = PBXBuildFile; fileRef = 2C3F3B771C5E56D100C940BD /* Sparkle.framework */; };
		2C3F3B7C1C5E590E00C940BD /* DonationReminder.framework in Frameworks */ = {isa = PBXBuildFile; fileRef = 2C3F3B731C5E547E00C940BD /* DonationReminder.framework */; };
		2C3F62BA0F6E6E6600C42308 /* PDFMerger.h in Headers */ = {isa = PBXBuildFile; fileRef = 2C3F62B80F6E6E6600C42308 /* PDFMerger.h */; };
		2C3F62BB0F6E6E6600C42308 /* PDFMerger.m in Sources */ = {isa = PBXBuildFile; fileRef = 2C3F62B90F6E6E6600C42308 /* PDFMerger.m */; };
		2C3F658E0F6FBCFC00C42308 /* ProgressWindowController.h in Headers */ = {isa = PBXBuildFile; fileRef = 2C3F658C0F6FBCFC00C42308 /* ProgressWindowController.h */; };
		2C3F658F0F6FBCFC00C42308 /* ProgressWindowController.m in Sources */ = {isa = PBXBuildFile; fileRef = 2C3F658D0F6FBCFC00C42308 /* ProgressWindowController.m */; };
		2C3F66910F700C9900C42308 /* ProgressWindow.nib in Resources */ = {isa = PBXBuildFile; fileRef = 2C3F668F0F700C9900C42308 /* ProgressWindow.nib */; };
		2C4545961071820A00AD3397 /* Credits.rtf in Resources */ = {isa = PBXBuildFile; fileRef = 2C4545951071820A00AD3397 /* Credits.rtf */; };
		2C4740A80A5E71B000096E8A /* AppController.h in Headers */ = {isa = PBXBuildFile; fileRef = 2C4740A60A5E71B000096E8A /* AppController.h */; };
		2C4740A90A5E71B000096E8A /* AppController.m in Sources */ = {isa = PBXBuildFile; fileRef = 2C4740A70A5E71B000096E8A /* AppController.m */; };
		2C4740B30A5E773500096E8A /* FactorySetting.plist in Resources */ = {isa = PBXBuildFile; fileRef = 2C4740B20A5E773500096E8A /* FactorySetting.plist */; };
		2C5981F0098712B2003D230C /* MainMenu.nib in Resources */ = {isa = PBXBuildFile; fileRef = 29B97318FDCFA39411CA2CEA /* MainMenu.nib */; };
		2C5981F2098712B2003D230C /* MergePDF.icns in Resources */ = {isa = PBXBuildFile; fileRef = 2CB1697A0711703000A527B5 /* MergePDF.icns */; };
		2C5981F3098712B2003D230C /* ColumnDirection.png in Resources */ = {isa = PBXBuildFile; fileRef = 2C7BDAB6071183220032351D /* ColumnDirection.png */; };
		2C5981F4098712B2003D230C /* RowDirection.png in Resources */ = {isa = PBXBuildFile; fileRef = 2C7BDAB7071183220032351D /* RowDirection.png */; };
		2C5981F5098712B2003D230C /* Localizable.strings in Resources */ = {isa = PBXBuildFile; fileRef = 2CD9CDE00711A295001CBF53 /* Localizable.strings */; };
		2C5981F7098712B2003D230C /* main.m in Sources */ = {isa = PBXBuildFile; fileRef = 29B97316FDCFA39411CA2CEA /* main.m */; settings = {ATTRIBUTES = (); }; };
		2C5981F9098712B2003D230C /* Cocoa.framework in Frameworks */ = {isa = PBXBuildFile; fileRef = 1058C7A1FEA54F0111CA2CBB /* Cocoa.framework */; };
		2C6242EE0D4983BF002F2745 /* SorterDelegate.applescript in Sources */ = {isa = PBXBuildFile; fileRef = 2C6242ED0D4983BF002F2745 /* SorterDelegate.applescript */; settings = {ATTRIBUTES = (); }; };
		2C6244D20D49A4CD002F2745 /* ProgressWindowController.applescript in Sources */ = {isa = PBXBuildFile; fileRef = 2C6244D10D49A4CD002F2745 /* ProgressWindowController.applescript */; settings = {ATTRIBUTES = (); }; };
		2C77B96A0CFD576A00C4E9D3 /* Quartz.framework in Frameworks */ = {isa = PBXBuildFile; fileRef = 2C77B9640CFD576A00C4E9D3 /* Quartz.framework */; };
		2C812C701C5F7E3D005399C2 /* MergePDFHelp in Resources */ = {isa = PBXBuildFile; fileRef = 2C812C6F1C5F7E3D005399C2 /* MergePDFHelp */; };
		2C9BE5AB17F306D1003DA783 /* AppleScriptObjC.framework in Frameworks */ = {isa = PBXBuildFile; fileRef = 2C9BE5AA17F306D1003DA783 /* AppleScriptObjC.framework */; };
		2C9BE72717F355D6003DA783 /* AppleEventExtra.m in Sources */ = {isa = PBXBuildFile; fileRef = 2C9BE72517F355D6003DA783 /* AppleEventExtra.m */; };
		2CAC67A21356C620001D05E8 /* ServicesMenu.strings in Resources */ = {isa = PBXBuildFile; fileRef = 2CAC67A01356C620001D05E8 /* ServicesMenu.strings */; };
		2CBDC6A01C6075270048384C /* DropBox.h in Headers */ = {isa = PBXBuildFile; fileRef = 2CBDC69C1C6075270048384C /* DropBox.h */; };
		2CBDC6A11C6075270048384C /* DropBox.m in Sources */ = {isa = PBXBuildFile; fileRef = 2CBDC69D1C6075270048384C /* DropBox.m */; };
		2CBDC6A21C6075270048384C /* HFSTypeUtils.h in Headers */ = {isa = PBXBuildFile; fileRef = 2CBDC69E1C6075270048384C /* HFSTypeUtils.h */; };
		2CBDC6A31C6075270048384C /* HFSTypeUtils.m in Sources */ = {isa = PBXBuildFile; fileRef = 2CBDC69F1C6075270048384C /* HFSTypeUtils.m */; };
		2CBDC6AC1C607A580048384C /* PathExtra_Localizable.strings in Resources */ = {isa = PBXBuildFile; fileRef = 2CBDC6A71C607A580048384C /* PathExtra_Localizable.strings */; };
		2CBDC6AD1C607A580048384C /* PathExtra.h in Headers */ = {isa = PBXBuildFile; fileRef = 2CBDC6AA1C607A580048384C /* PathExtra.h */; };
		2CBDC6AE1C607A580048384C /* PathExtra.m in Sources */ = {isa = PBXBuildFile; fileRef = 2CBDC6AB1C607A580048384C /* PathExtra.m */; };
		2CD4055E0F75D11100B96300 /* dsa_pub.pem in Resources */ = {isa = PBXBuildFile; fileRef = 2CD4055D0F75D11100B96300 /* dsa_pub.pem */; };
/* End PBXBuildFile section */

/* Begin PBXContainerItemProxy section */
		2C3F3B721C5E547E00C940BD /* PBXContainerItemProxy */ = {
			isa = PBXContainerItemProxy;
			containerPortal = 2C3F3B6E1C5E547D00C940BD /* DonationReminder.xcodeproj */;
			proxyType = 2;
			remoteGlobalIDString = 2C4A363E19E61FC40031E521;
			remoteInfo = DonationReminder;
		};
		2C3F3B741C5E54E600C940BD /* PBXContainerItemProxy */ = {
			isa = PBXContainerItemProxy;
			containerPortal = 2C3F3B6E1C5E547D00C940BD /* DonationReminder.xcodeproj */;
			proxyType = 1;
			remoteGlobalIDString = 2C4A363119E61FC40031E521;
			remoteInfo = DonationReminder;
		};
/* End PBXContainerItemProxy section */

/* Begin PBXCopyFilesBuildPhase section */
		2CD12A830D40A4A2004BF0C5 /* CopyFiles */ = {
			isa = PBXCopyFilesBuildPhase;
			buildActionMask = 2147483647;
			dstPath = "";
			dstSubfolderSpec = 10;
			files = (
				2C3F3B761C5E550600C940BD /* DonationReminder.framework in CopyFiles */,
				2C0E49DA1C5F1DD9008B1DD4 /* Sparkle.framework in CopyFiles */,
			);
			runOnlyForDeploymentPostprocessing = 0;
		};
/* End PBXCopyFilesBuildPhase section */

/* Begin PBXFileReference section */
		1058C7A1FEA54F0111CA2CBB /* Cocoa.framework */ = {isa = PBXFileReference; lastKnownFileType = wrapper.framework; name = Cocoa.framework; path = /System/Library/Frameworks/Cocoa.framework; sourceTree = "<absolute>"; };
		29B97316FDCFA39411CA2CEA /* main.m */ = {isa = PBXFileReference; fileEncoding = 30; lastKnownFileType = sourcecode.c.objc; path = main.m; sourceTree = "<group>"; };
		29B97324FDCFA39411CA2CEA /* AppKit.framework */ = {isa = PBXFileReference; lastKnownFileType = wrapper.framework; name = AppKit.framework; path = /System/Library/Frameworks/AppKit.framework; sourceTree = "<absolute>"; };
		29B97325FDCFA39411CA2CEA /* Foundation.framework */ = {isa = PBXFileReference; lastKnownFileType = wrapper.framework; name = Foundation.framework; path = /System/Library/Frameworks/Foundation.framework; sourceTree = "<absolute>"; };
		2C16DF520A8354C800B4D6E3 /* HelpSetup.plist */ = {isa = PBXFileReference; fileEncoding = 4; lastKnownFileType = text.plist.xml; path = HelpSetup.plist; sourceTree = "<group>"; };
		2C31A2000987453E003BE6E4 /* Info-MergePDF.plist */ = {isa = PBXFileReference; explicitFileType = text.plist; fileEncoding = 4; path = "Info-MergePDF.plist"; sourceTree = "<group>"; };
		2C3F3B6A1C5DEE8600C940BD /* NSRunningApplication+SmartActivate.h */ = {isa = PBXFileReference; fileEncoding = 4; lastKnownFileType = sourcecode.c.h; path = "NSRunningApplication+SmartActivate.h"; sourceTree = "<group>"; };
		2C3F3B6B1C5DEE8600C940BD /* NSRunningApplication+SmartActivate.m */ = {isa = PBXFileReference; fileEncoding = 4; lastKnownFileType = sourcecode.c.objc; path = "NSRunningApplication+SmartActivate.m"; sourceTree = "<group>"; };
		2C3F3B6E1C5E547D00C940BD /* DonationReminder.xcodeproj */ = {isa = PBXFileReference; lastKnownFileType = "wrapper.pb-project"; name = DonationReminder.xcodeproj; path = DonationReminder/DonationReminder.xcodeproj; sourceTree = "<group>"; };
		2C3F3B771C5E56D100C940BD /* Sparkle.framework */ = {isa = PBXFileReference; lastKnownFileType = wrapper.framework; path = Sparkle.framework; sourceTree = "<group>"; };
		2C3F62B80F6E6E6600C42308 /* PDFMerger.h */ = {isa = PBXFileReference; fileEncoding = 4; lastKnownFileType = sourcecode.c.h; path = PDFMerger.h; sourceTree = "<group>"; };
		2C3F62B90F6E6E6600C42308 /* PDFMerger.m */ = {isa = PBXFileReference; fileEncoding = 4; lastKnownFileType = sourcecode.c.objc; path = PDFMerger.m; sourceTree = "<group>"; };
		2C3F658C0F6FBCFC00C42308 /* ProgressWindowController.h */ = {isa = PBXFileReference; fileEncoding = 4; lastKnownFileType = sourcecode.c.h; path = ProgressWindowController.h; sourceTree = "<group>"; };
		2C3F658D0F6FBCFC00C42308 /* ProgressWindowController.m */ = {isa = PBXFileReference; fileEncoding = 4; lastKnownFileType = sourcecode.c.objc; path = ProgressWindowController.m; sourceTree = "<group>"; };
		2C3F66900F700C9900C42308 /* English */ = {isa = PBXFileReference; lastKnownFileType = wrapper.nib; name = English; path = English.lproj/ProgressWindow.nib; sourceTree = "<group>"; };
		2C4545951071820A00AD3397 /* Credits.rtf */ = {isa = PBXFileReference; lastKnownFileType = text.rtf; path = Credits.rtf; sourceTree = "<group>"; };
		2C473ECF0A5E65D400096E8A /* History.txt */ = {isa = PBXFileReference; fileEncoding = 4; lastKnownFileType = text; path = History.txt; sourceTree = "<group>"; };
		2C4740A60A5E71B000096E8A /* AppController.h */ = {isa = PBXFileReference; fileEncoding = 4; lastKnownFileType = sourcecode.c.h; path = AppController.h; sourceTree = "<group>"; };
		2C4740A70A5E71B000096E8A /* AppController.m */ = {isa = PBXFileReference; fileEncoding = 4; lastKnownFileType = sourcecode.c.objc; path = AppController.m; sourceTree = "<group>"; };
		2C4740B20A5E773500096E8A /* FactorySetting.plist */ = {isa = PBXFileReference; explicitFileType = text.plist; fileEncoding = 4; path = FactorySetting.plist; sourceTree = "<group>"; };
		2C598200098712B3003D230C /* MergePDF.app */ = {isa = PBXFileReference; explicitFileType = wrapper.application; includeInIndex = 0; path = MergePDF.app; sourceTree = BUILT_PRODUCTS_DIR; };
		2C6242ED0D4983BF002F2745 /* SorterDelegate.applescript */ = {isa = PBXFileReference; fileEncoding = 4; lastKnownFileType = sourcecode.applescript; path = SorterDelegate.applescript; sourceTree = "<group>"; };
		2C6244D10D49A4CD002F2745 /* ProgressWindowController.applescript */ = {isa = PBXFileReference; fileEncoding = 4; lastKnownFileType = sourcecode.applescript; path = ProgressWindowController.applescript; sourceTree = "<group>"; };
		2C77B9640CFD576A00C4E9D3 /* Quartz.framework */ = {isa = PBXFileReference; lastKnownFileType = wrapper.framework; name = Quartz.framework; path = /System/Library/Frameworks/Quartz.framework; sourceTree = "<absolute>"; };
		2C7BDAB6071183220032351D /* ColumnDirection.png */ = {isa = PBXFileReference; lastKnownFileType = image.png; path = ColumnDirection.png; sourceTree = "<group>"; };
		2C7BDAB7071183220032351D /* RowDirection.png */ = {isa = PBXFileReference; lastKnownFileType = image.png; path = RowDirection.png; sourceTree = "<group>"; };
		2C812C6F1C5F7E3D005399C2 /* MergePDFHelp */ = {isa = PBXFileReference; lastKnownFileType = folder; path = MergePDFHelp; sourceTree = "<group>"; };
		2C9BE5AA17F306D1003DA783 /* AppleScriptObjC.framework */ = {isa = PBXFileReference; lastKnownFileType = wrapper.framework; name = AppleScriptObjC.framework; path = System/Library/Frameworks/AppleScriptObjC.framework; sourceTree = SDKROOT; };
		2C9BE72417F355D6003DA783 /* AppleEventExtra.h */ = {isa = PBXFileReference; fileEncoding = 4; lastKnownFileType = sourcecode.c.h; path = AppleEventExtra.h; sourceTree = "<group>"; };
		2C9BE72517F355D6003DA783 /* AppleEventExtra.m */ = {isa = PBXFileReference; fileEncoding = 4; lastKnownFileType = sourcecode.c.objc; path = AppleEventExtra.m; sourceTree = "<group>"; };
		2CA839221498681A0020DF9E /* Japanese */ = {isa = PBXFileReference; lastKnownFileType = text.plist.strings; name = Japanese; path = Japanese.lproj/ServicesMenu.strings; sourceTree = "<group>"; };
		2CA839231498682B0020DF9E /* Japanese */ = {isa = PBXFileReference; lastKnownFileType = text.plist.strings; name = Japanese; path = Japanese.lproj/Localizable.strings; sourceTree = "<group>"; };
		2CA83924149868410020DF9E /* Japanese */ = {isa = PBXFileReference; fileEncoding = 4; lastKnownFileType = text.plist.strings; name = Japanese; path = Japanese.lproj/InfoPlist.strings; sourceTree = "<group>"; };
		2CA8395E14986F620020DF9E /* Japanese */ = {isa = PBXFileReference; lastKnownFileType = text.plist.strings; name = Japanese; path = Japanese.lproj/MainMenu.strings; sourceTree = "<group>"; };
		2CA8396614986FAF0020DF9E /* Japanese */ = {isa = PBXFileReference; lastKnownFileType = text.plist.strings; name = Japanese; path = Japanese.lproj/ProgressWindow.strings; sourceTree = SOURCE_ROOT; };
		2CA839841498700F0020DF9E /* Japanese */ = {isa = PBXFileReference; lastKnownFileType = wrapper.nib; name = Japanese; path = Japanese.lproj/ProgressWindow.nib; sourceTree = "<group>"; };
		2CA83985149870200020DF9E /* Japanese */ = {isa = PBXFileReference; lastKnownFileType = wrapper.nib; name = Japanese; path = Japanese.lproj/MainMenu.nib; sourceTree = "<group>"; };
		2CAC67A11356C620001D05E8 /* English */ = {isa = PBXFileReference; fileEncoding = 10; lastKnownFileType = text.plist.strings; name = English; path = English.lproj/ServicesMenu.strings; sourceTree = "<group>"; };
		2CB1697A0711703000A527B5 /* MergePDF.icns */ = {isa = PBXFileReference; lastKnownFileType = image.icns; path = MergePDF.icns; sourceTree = "<group>"; };
		2CB36E6F0D3F8C4A003C516E /* English */ = {isa = PBXFileReference; fileEncoding = 10; lastKnownFileType = text.plist.strings; name = English; path = English.lproj/Localizable.strings; sourceTree = "<group>"; };
		2CB36E830D3F8C7E003C516E /* English */ = {isa = PBXFileReference; fileEncoding = 4; lastKnownFileType = text.plist.strings; name = English; path = English.lproj/InfoPlist.strings; sourceTree = "<group>"; };
		2CB36E870D3F8DB4003C516E /* English */ = {isa = PBXFileReference; lastKnownFileType = wrapper.nib; name = English; path = English.lproj/MainMenu.nib; sourceTree = "<group>"; };
		2CBDC69C1C6075270048384C /* DropBox.h */ = {isa = PBXFileReference; fileEncoding = 4; lastKnownFileType = sourcecode.c.h; path = DropBox.h; sourceTree = "<group>"; };
		2CBDC69D1C6075270048384C /* DropBox.m */ = {isa = PBXFileReference; fileEncoding = 4; lastKnownFileType = sourcecode.c.objc; path = DropBox.m; sourceTree = "<group>"; };
		2CBDC69E1C6075270048384C /* HFSTypeUtils.h */ = {isa = PBXFileReference; fileEncoding = 4; lastKnownFileType = sourcecode.c.h; path = HFSTypeUtils.h; sourceTree = "<group>"; };
		2CBDC69F1C6075270048384C /* HFSTypeUtils.m */ = {isa = PBXFileReference; fileEncoding = 4; lastKnownFileType = sourcecode.c.objc; path = HFSTypeUtils.m; sourceTree = "<group>"; };
		2CBDC6A81C607A580048384C /* en */ = {isa = PBXFileReference; lastKnownFileType = text.plist.strings; name = en; path = en.lproj/PathExtra_Localizable.strings; sourceTree = "<group>"; };
		2CBDC6A91C607A580048384C /* ja */ = {isa = PBXFileReference; lastKnownFileType = text.plist.strings; name = ja; path = ja.lproj/PathExtra_Localizable.strings; sourceTree = "<group>"; };
		2CBDC6AA1C607A580048384C /* PathExtra.h */ = {isa = PBXFileReference; fileEncoding = 4; lastKnownFileType = sourcecode.c.h; path = PathExtra.h; sourceTree = "<group>"; };
		2CBDC6AB1C607A580048384C /* PathExtra.m */ = {isa = PBXFileReference; fileEncoding = 4; lastKnownFileType = sourcecode.c.objc; path = PathExtra.m; sourceTree = "<group>"; };
		2CD128CC0D40A437004BF0C5 /* DonationReminder.framework */ = {isa = PBXFileReference; lastKnownFileType = wrapper.framework; name = DonationReminder.framework; path = ../DonationReminder.framework; sourceTree = SOURCE_ROOT; };
		2CD4055D0F75D11100B96300 /* dsa_pub.pem */ = {isa = PBXFileReference; fileEncoding = 4; lastKnownFileType = text; path = dsa_pub.pem; sourceTree = "<group>"; };
		DA206CF1015C4E2903C91932 /* AppleScriptKit.framework */ = {isa = PBXFileReference; lastKnownFileType = wrapper.framework; name = AppleScriptKit.framework; path = /System/Library/Frameworks/AppleScriptKit.framework; sourceTree = "<absolute>"; };
/* End PBXFileReference section */

/* Begin PBXFrameworksBuildPhase section */
		2C5981F8098712B2003D230C /* Frameworks */ = {
			isa = PBXFrameworksBuildPhase;
			buildActionMask = 2147483647;
			files = (
				2C5981F9098712B2003D230C /* Cocoa.framework in Frameworks */,
				2C77B96A0CFD576A00C4E9D3 /* Quartz.framework in Frameworks */,
				2C9BE5AB17F306D1003DA783 /* AppleScriptObjC.framework in Frameworks */,
				2C3F3B7C1C5E590E00C940BD /* DonationReminder.framework in Frameworks */,
				2C3F3B791C5E578900C940BD /* Sparkle.framework in Frameworks */,
			);
			runOnlyForDeploymentPostprocessing = 0;
		};
/* End PBXFrameworksBuildPhase section */

/* Begin PBXGroup section */
		080E96DDFE201D6D7F000001 /* Scripts */ = {
			isa = PBXGroup;
			children = (
				2C6244D10D49A4CD002F2745 /* ProgressWindowController.applescript */,
				2C6242ED0D4983BF002F2745 /* SorterDelegate.applescript */,
			);
			name = Scripts;
			sourceTree = "<group>";
		};
		1058C7A0FEA54F0111CA2CBB /* Linked Frameworks */ = {
			isa = PBXGroup;
			children = (
				2CD128CC0D40A437004BF0C5 /* DonationReminder.framework */,
				1058C7A1FEA54F0111CA2CBB /* Cocoa.framework */,
				DA206CF1015C4E2903C91932 /* AppleScriptKit.framework */,
				2C9BE5AA17F306D1003DA783 /* AppleScriptObjC.framework */,
			);
			name = "Linked Frameworks";
			sourceTree = "<group>";
		};
		1058C7A2FEA54F0111CA2CBB /* Other Frameworks */ = {
			isa = PBXGroup;
			children = (
				2C77B9640CFD576A00C4E9D3 /* Quartz.framework */,
				29B97325FDCFA39411CA2CEA /* Foundation.framework */,
				29B97324FDCFA39411CA2CEA /* AppKit.framework */,
			);
			name = "Other Frameworks";
			sourceTree = "<group>";
		};
		19C28FACFE9D520D11CA2CBB /* Products */ = {
			isa = PBXGroup;
			children = (
				2C598200098712B3003D230C /* MergePDF.app */,
			);
			name = Products;
			sourceTree = "<group>";
		};
		29B97314FDCFA39411CA2CEA /* Application */ = {
			isa = PBXGroup;
			children = (
				2C473ECF0A5E65D400096E8A /* History.txt */,
				2CBDC6A61C607A580048384C /* PathExtra */,
				2CBDC69B1C6075270048384C /* DropBox */,
				2C3F62B30F6E6DD400C42308 /* Classes */,
				080E96DDFE201D6D7F000001 /* Scripts */,
				29B97317FDCFA39411CA2CEA /* Resources */,
				29B97315FDCFA39411CA2CEA /* Other Sources */,
				29B97323FDCFA39411CA2CEA /* Frameworks */,
				19C28FACFE9D520D11CA2CBB /* Products */,
				2C3F3B6E1C5E547D00C940BD /* DonationReminder.xcodeproj */,
			);
			name = Application;
			sourceTree = "<group>";
		};
		29B97315FDCFA39411CA2CEA /* Other Sources */ = {
			isa = PBXGroup;
			children = (
				29B97316FDCFA39411CA2CEA /* main.m */,
			);
			name = "Other Sources";
			sourceTree = "<group>";
		};
		29B97317FDCFA39411CA2CEA /* Resources */ = {
			isa = PBXGroup;
			children = (
				2C812C6F1C5F7E3D005399C2 /* MergePDFHelp */,
				2CAC67A01356C620001D05E8 /* ServicesMenu.strings */,
				2CD9CDE00711A295001CBF53 /* Localizable.strings */,
				2C4545951071820A00AD3397 /* Credits.rtf */,
				2CD4055D0F75D11100B96300 /* dsa_pub.pem */,
				2C16DF520A8354C800B4D6E3 /* HelpSetup.plist */,
				2C4740B20A5E773500096E8A /* FactorySetting.plist */,
				2C31A20509874594003BE6E4 /* InfoPlist.strings */,
				2C31A2000987453E003BE6E4 /* Info-MergePDF.plist */,
				2C7BDAB6071183220032351D /* ColumnDirection.png */,
				2C7BDAB7071183220032351D /* RowDirection.png */,
				2CB1697A0711703000A527B5 /* MergePDF.icns */,
				2CA8396314986F8C0020DF9E /* ProgressWindow.strings */,
				2CA83926149868A10020DF9E /* MainMenu.strings */,
				2C3F668F0F700C9900C42308 /* ProgressWindow.nib */,
				29B97318FDCFA39411CA2CEA /* MainMenu.nib */,
			);
			name = Resources;
			sourceTree = "<group>";
		};
		29B97323FDCFA39411CA2CEA /* Frameworks */ = {
			isa = PBXGroup;
			children = (
				2C3F3B771C5E56D100C940BD /* Sparkle.framework */,
				1058C7A0FEA54F0111CA2CBB /* Linked Frameworks */,
				1058C7A2FEA54F0111CA2CBB /* Other Frameworks */,
			);
			name = Frameworks;
			sourceTree = "<group>";
		};
		2C3F3B6F1C5E547D00C940BD /* Products */ = {
			isa = PBXGroup;
			children = (
				2C3F3B731C5E547E00C940BD /* DonationReminder.framework */,
			);
			name = Products;
			sourceTree = "<group>";
		};
		2C3F62B30F6E6DD400C42308 /* Classes */ = {
			isa = PBXGroup;
			children = (
				2C9BE72417F355D6003DA783 /* AppleEventExtra.h */,
				2C9BE72517F355D6003DA783 /* AppleEventExtra.m */,
				2C3F62B80F6E6E6600C42308 /* PDFMerger.h */,
				2C3F62B90F6E6E6600C42308 /* PDFMerger.m */,
				2C4740A60A5E71B000096E8A /* AppController.h */,
				2C4740A70A5E71B000096E8A /* AppController.m */,
				2C3F658C0F6FBCFC00C42308 /* ProgressWindowController.h */,
				2C3F658D0F6FBCFC00C42308 /* ProgressWindowController.m */,
				2C3F3B6A1C5DEE8600C940BD /* NSRunningApplication+SmartActivate.h */,
				2C3F3B6B1C5DEE8600C940BD /* NSRunningApplication+SmartActivate.m */,
			);
			name = Classes;
			sourceTree = "<group>";
		};
		2CBDC69B1C6075270048384C /* DropBox */ = {
			isa = PBXGroup;
			children = (
				2CBDC69C1C6075270048384C /* DropBox.h */,
				2CBDC69D1C6075270048384C /* DropBox.m */,
				2CBDC69E1C6075270048384C /* HFSTypeUtils.h */,
				2CBDC69F1C6075270048384C /* HFSTypeUtils.m */,
			);
			path = DropBox;
			sourceTree = "<group>";
		};
		2CBDC6A61C607A580048384C /* PathExtra */ = {
			isa = PBXGroup;
			children = (
				2CBDC6A71C607A580048384C /* PathExtra_Localizable.strings */,
				2CBDC6AA1C607A580048384C /* PathExtra.h */,
				2CBDC6AB1C607A580048384C /* PathExtra.m */,
			);
			path = PathExtra;
			sourceTree = "<group>";
		};
/* End PBXGroup section */

/* Begin PBXHeadersBuildPhase section */
		2C5981EC098712B2003D230C /* Headers */ = {
			isa = PBXHeadersBuildPhase;
			buildActionMask = 2147483647;
			files = (
				2C4740A80A5E71B000096E8A /* AppController.h in Headers */,
				2C3F62BA0F6E6E6600C42308 /* PDFMerger.h in Headers */,
				2C3F658E0F6FBCFC00C42308 /* ProgressWindowController.h in Headers */,
				2C3F3B6C1C5DEE8600C940BD /* NSRunningApplication+SmartActivate.h in Headers */,
				2CBDC6A01C6075270048384C /* DropBox.h in Headers */,
				2CBDC6A21C6075270048384C /* HFSTypeUtils.h in Headers */,
				2CBDC6AD1C607A580048384C /* PathExtra.h in Headers */,
			);
			runOnlyForDeploymentPostprocessing = 0;
		};
/* End PBXHeadersBuildPhase section */

/* Begin PBXNativeTarget section */
		2C5981EB098712B2003D230C /* MergePDF */ = {
			isa = PBXNativeTarget;
			buildConfigurationList = 2C5981FB098712B2003D230C /* Build configuration list for PBXNativeTarget "MergePDF" */;
			buildPhases = (
				2CA8397714986FF00020DF9E /* ShellScript */,
				2C5981EC098712B2003D230C /* Headers */,
				2C5981ED098712B2003D230C /* AppleScript */,
				2C5981EF098712B2003D230C /* Resources */,
				2C5981F6098712B2003D230C /* Sources */,
				2C5981F8098712B2003D230C /* Frameworks */,
				2CD12A830D40A4A2004BF0C5 /* CopyFiles */,
				2CF84035158049E2004E5E20 /* ShellScript */,
			);
			buildRules = (
			);
			dependencies = (
				2C3F3B751C5E54E600C940BD /* PBXTargetDependency */,
			);
			name = MergePDF;
			productInstallPath = "$(HOME)/Applications";
			productName = Application;
			productReference = 2C598200098712B3003D230C /* MergePDF.app */;
			productType = "com.apple.product-type.application";
		};
/* End PBXNativeTarget section */

/* Begin PBXProject section */
		29B97313FDCFA39411CA2CEA /* Project object */ = {
			isa = PBXProject;
			attributes = {
				LastUpgradeCheck = 0460;
			};
			buildConfigurationList = 2CAA8C6C0933698B009EC6A1 /* Build configuration list for PBXProject "MergePDF" */;
			compatibilityVersion = "Xcode 3.2";
			developmentRegion = English;
			hasScannedForEncodings = 1;
			knownRegions = (
				English,
				Japanese,
				French,
				German,
				en,
				ja,
			);
			mainGroup = 29B97314FDCFA39411CA2CEA /* Application */;
			projectDirPath = "";
			projectReferences = (
				{
					ProductGroup = 2C3F3B6F1C5E547D00C940BD /* Products */;
					ProjectRef = 2C3F3B6E1C5E547D00C940BD /* DonationReminder.xcodeproj */;
				},
			);
			projectRoot = "";
			targets = (
				2C5981EB098712B2003D230C /* MergePDF */,
			);
		};
/* End PBXProject section */

/* Begin PBXReferenceProxy section */
		2C3F3B731C5E547E00C940BD /* DonationReminder.framework */ = {
			isa = PBXReferenceProxy;
			fileType = wrapper.framework;
			path = DonationReminder.framework;
			remoteRef = 2C3F3B721C5E547E00C940BD /* PBXContainerItemProxy */;
			sourceTree = BUILT_PRODUCTS_DIR;
		};
/* End PBXReferenceProxy section */

/* Begin PBXResourcesBuildPhase section */
		2C5981EF098712B2003D230C /* Resources */ = {
			isa = PBXResourcesBuildPhase;
			buildActionMask = 2147483647;
			files = (
				2C5981F0098712B2003D230C /* MainMenu.nib in Resources */,
				2C5981F2098712B2003D230C /* MergePDF.icns in Resources */,
				2C5981F3098712B2003D230C /* ColumnDirection.png in Resources */,
				2C5981F4098712B2003D230C /* RowDirection.png in Resources */,
				2C5981F5098712B2003D230C /* Localizable.strings in Resources */,
				2C4740B30A5E773500096E8A /* FactorySetting.plist in Resources */,
				2C16DF530A8354C900B4D6E3 /* HelpSetup.plist in Resources */,
				2C3F66910F700C9900C42308 /* ProgressWindow.nib in Resources */,
				2CD4055E0F75D11100B96300 /* dsa_pub.pem in Resources */,
				2C4545961071820A00AD3397 /* Credits.rtf in Resources */,
				2CAC67A21356C620001D05E8 /* ServicesMenu.strings in Resources */,
				2C812C701C5F7E3D005399C2 /* MergePDFHelp in Resources */,
				2CBDC6AC1C607A580048384C /* PathExtra_Localizable.strings in Resources */,
			);
			runOnlyForDeploymentPostprocessing = 0;
		};
/* End PBXResourcesBuildPhase section */

/* Begin PBXShellScriptBuildPhase section */
		2CA8397714986FF00020DF9E /* ShellScript */ = {
			isa = PBXShellScriptBuildPhase;
			buildActionMask = 2147483647;
			files = (
			);
			inputPaths = (
				"$(SRCROOT)/English.lproj/MainMenu.nib",
				"$(SRCROOT)/English.lproj/ProgressWindow.nib",
				"$(SRCROOT)/Japanese.lproj/MainMenu.strings",
				"$(SRCROOT)/Japanese.lproj/ProgressWindow.strings",
			);
			outputPaths = (
				"$(SRCROOT)/Japanese.lproj/MainMenu.nib",
				"$(SRCROOT)/Japanese.lproj/ProgressWindow.nib",
			);
			runOnlyForDeploymentPostprocessing = 0;
			shellPath = /bin/sh;
			shellScript = "# Extract English strings (use this to check if you added new strings to your nibs)\n# ibtool --generate-strings-file Resources/English.lproj/MainWindow.strings Resources/English.lproj/MainWindow.xib\n# Generate Localized interface\n\nfunction generate_localized_interface\n{\nbase_lang=$1\ntarget_lang=$2\ntarget_nib=$3\nnib_basename=`basename ${target_nib} .nib` \n\ntarget_lang_strings=${target_lang}.lproj/${nib_basename}.strings\ntarget_lang_nib=${target_lang}.lproj/${target_nib}\n\nif ! [ -e ${target_lang_strings} ]; then\n\tibtool --generate-strings-file ${target_lang_strings} ${target_lang_nib}\nelse\n\techo \"${target_lang_strings} exist\"\U0013\nfi\n\nibtool --strings-file ${target_lang_strings} --write ${target_lang_nib} ${base_lang}.lproj/${target_nib}\nrm -rf ${target_lang_nib}/.svn\n}\n\ngenerate_localized_interface English Japanese MainMenu.nib\ngenerate_localized_interface English Japanese ProgressWindow.nib\n";
		};
		2CF84035158049E2004E5E20 /* ShellScript */ = {
			isa = PBXShellScriptBuildPhase;
			buildActionMask = 8;
			files = (
			);
			inputPaths = (
			);
			outputPaths = (
			);
			runOnlyForDeploymentPostprocessing = 1;
			shellPath = /bin/sh;
			shellScript = "if [ ! \"$CONFIGURATION\" = 'Release' ]; then\necho \"HelpBook setup script will run only with Release configuration\";\nexit 0\nfi\n\ncd \"$BUILT_PRODUCTS_DIR\"\nSetupHelpBook \"$FULL_PRODUCT_NAME\"\n\n";
		};
/* End PBXShellScriptBuildPhase section */

/* Begin PBXSourcesBuildPhase section */
		2C5981F6098712B2003D230C /* Sources */ = {
			isa = PBXSourcesBuildPhase;
			buildActionMask = 2147483647;
			files = (
				2C6244D20D49A4CD002F2745 /* ProgressWindowController.applescript in Sources */,
				2C6242EE0D4983BF002F2745 /* SorterDelegate.applescript in Sources */,
				2C5981F7098712B2003D230C /* main.m in Sources */,
				2C4740A90A5E71B000096E8A /* AppController.m in Sources */,
				2C3F62BB0F6E6E6600C42308 /* PDFMerger.m in Sources */,
				2C3F658F0F6FBCFC00C42308 /* ProgressWindowController.m in Sources */,
				2C9BE72717F355D6003DA783 /* AppleEventExtra.m in Sources */,
				2C3F3B6D1C5DEE8600C940BD /* NSRunningApplication+SmartActivate.m in Sources */,
				2CBDC6A11C6075270048384C /* DropBox.m in Sources */,
				2CBDC6A31C6075270048384C /* HFSTypeUtils.m in Sources */,
				2CBDC6AE1C607A580048384C /* PathExtra.m in Sources */,
			);
			runOnlyForDeploymentPostprocessing = 0;
		};
/* End PBXSourcesBuildPhase section */

/* Begin PBXTargetDependency section */
		2C3F3B751C5E54E600C940BD /* PBXTargetDependency */ = {
			isa = PBXTargetDependency;
			name = DonationReminder;
			targetProxy = 2C3F3B741C5E54E600C940BD /* PBXContainerItemProxy */;
		};
/* End PBXTargetDependency section */

/* Begin PBXVariantGroup section */
		29B97318FDCFA39411CA2CEA /* MainMenu.nib */ = {
			isa = PBXVariantGroup;
			children = (
				2CB36E870D3F8DB4003C516E /* English */,
				2CA83985149870200020DF9E /* Japanese */,
			);
			name = MainMenu.nib;
			sourceTree = "<group>";
		};
		2C31A20509874594003BE6E4 /* InfoPlist.strings */ = {
			isa = PBXVariantGroup;
			children = (
				2CB36E830D3F8C7E003C516E /* English */,
				2CA83924149868410020DF9E /* Japanese */,
			);
			name = InfoPlist.strings;
			sourceTree = "<group>";
		};
		2C3F668F0F700C9900C42308 /* ProgressWindow.nib */ = {
			isa = PBXVariantGroup;
			children = (
				2C3F66900F700C9900C42308 /* English */,
				2CA839841498700F0020DF9E /* Japanese */,
			);
			name = ProgressWindow.nib;
			sourceTree = "<group>";
		};
		2CA83926149868A10020DF9E /* MainMenu.strings */ = {
			isa = PBXVariantGroup;
			children = (
				2CA8395E14986F620020DF9E /* Japanese */,
			);
			name = MainMenu.strings;
			sourceTree = "<group>";
		};
		2CA8396314986F8C0020DF9E /* ProgressWindow.strings */ = {
			isa = PBXVariantGroup;
			children = (
				2CA8396614986FAF0020DF9E /* Japanese */,
			);
			name = ProgressWindow.strings;
			path = SmartActivateLib;
			sourceTree = "<group>";
		};
		2CAC67A01356C620001D05E8 /* ServicesMenu.strings */ = {
			isa = PBXVariantGroup;
			children = (
				2CAC67A11356C620001D05E8 /* English */,
				2CA839221498681A0020DF9E /* Japanese */,
			);
			name = ServicesMenu.strings;
			sourceTree = "<group>";
		};
		2CBDC6A71C607A580048384C /* PathExtra_Localizable.strings */ = {
			isa = PBXVariantGroup;
			children = (
				2CBDC6A81C607A580048384C /* en */,
				2CBDC6A91C607A580048384C /* ja */,
			);
			name = PathExtra_Localizable.strings;
			sourceTree = "<group>";
		};
		2CD9CDE00711A295001CBF53 /* Localizable.strings */ = {
			isa = PBXVariantGroup;
			children = (
				2CB36E6F0D3F8C4A003C516E /* English */,
				2CA839231498682B0020DF9E /* Japanese */,
			);
			name = Localizable.strings;
			sourceTree = "<group>";
		};
/* End PBXVariantGroup section */

/* Begin XCBuildConfiguration section */
		2C5981FC098712B2003D230C /* Debug */ = {
			isa = XCBuildConfiguration;
			buildSettings = {
				COMBINE_HIDPI_IMAGES = YES;
				COPY_PHASE_STRIP = NO;
				CURRENT_PROJECT_VERSION = 22;
				FRAMEWORK_SEARCH_PATHS = (
					"$(inherited)",
					"$(FRAMEWORK_SEARCH_PATHS_QUOTED_FOR_TARGET_1)",
					"$(FRAMEWORK_SEARCH_PATHS_QUOTED_FOR_TARGET_2)",
					"\"$(SRCROOT)\"",
				);
				GCC_C_LANGUAGE_STANDARD = c99;
				GCC_DYNAMIC_NO_PIC = NO;
				GCC_GENERATE_DEBUGGING_SYMBOLS = YES;
				GCC_OPTIMIZATION_LEVEL = 0;
				HEADER_SEARCH_PATHS = "";
				INFOPLIST_FILE = "Info-MergePDF.plist";
				INSTALL_PATH = "$(HOME)/Applications";
				LIBRARY_SEARCH_PATHS = "";
				OTHER_CFLAGS = "";
				OTHER_LDFLAGS = "";
				PRODUCT_NAME = MergePDF;
				SDKROOT = macosx;
				SECTORDER_FLAGS = "";
				VERSIONING_SYSTEM = "apple-generic";
				WARNING_CFLAGS = (
					"-Wmost",
					"-Wno-four-char-constants",
					"-Wno-unknown-pragmas",
				);
				WRAPPER_EXTENSION = app;
			};
			name = Debug;
		};
		2C5981FD098712B2003D230C /* Release */ = {
			isa = XCBuildConfiguration;
			buildSettings = {
				COMBINE_HIDPI_IMAGES = YES;
				COPY_PHASE_STRIP = YES;
				CURRENT_PROJECT_VERSION = 22;
				FRAMEWORK_SEARCH_PATHS = (
					"$(inherited)",
					"$(FRAMEWORK_SEARCH_PATHS_QUOTED_FOR_TARGET_1)",
					"\"$(SRCROOT)\"",
				);
				HEADER_SEARCH_PATHS = "";
				INFOPLIST_FILE = "Info-MergePDF.plist";
				INSTALL_PATH = /Applications;
				LIBRARY_SEARCH_PATHS = "";
				OTHER_CFLAGS = "";
				OTHER_LDFLAGS = "";
				PRODUCT_NAME = MergePDF;
				SDKROOT = macosx;
				SECTORDER_FLAGS = "";
				VERSIONING_SYSTEM = "apple-generic";
				WARNING_CFLAGS = (
					"-Wmost",
					"-Wno-four-char-constants",
					"-Wno-unknown-pragmas",
				);
				WRAPPER_EXTENSION = app;
			};
			name = Release;
		};
		2C5981FE098712B2003D230C /* Default */ = {
			isa = XCBuildConfiguration;
			buildSettings = {
				COMBINE_HIDPI_IMAGES = YES;
				CURRENT_PROJECT_VERSION = 22;
				FRAMEWORK_SEARCH_PATHS = (
					"$(inherited)",
					"$(FRAMEWORK_SEARCH_PATHS_QUOTED_FOR_TARGET_1)",
					"$(FRAMEWORK_SEARCH_PATHS_QUOTED_FOR_TARGET_2)",
					"\"$(SRCROOT)\"",
				);
				HEADER_SEARCH_PATHS = "";
				INFOPLIST_FILE = "English.lproj/Info-MergePDF.plist";
				INSTALL_PATH = "$(HOME)/Applications";
				LIBRARY_SEARCH_PATHS = "";
				OTHER_CFLAGS = "";
				OTHER_LDFLAGS = "";
				PRODUCT_NAME = MergePDF;
				SDKROOT = macosx;
				SECTORDER_FLAGS = "";
				VERSIONING_SYSTEM = "apple-generic";
				WARNING_CFLAGS = (
					"-Wmost",
					"-Wno-four-char-constants",
					"-Wno-unknown-pragmas",
				);
				WRAPPER_EXTENSION = app;
			};
			name = Default;
		};
		2CAA8C6D0933698B009EC6A1 /* Debug */ = {
			isa = XCBuildConfiguration;
			buildSettings = {
				ARCHS = "$(ARCHS_STANDARD_64_BIT)";
				GCC_C_LANGUAGE_STANDARD = gnu99;
				MACOSX_DEPLOYMENT_TARGET = 10.8;
				ONLY_ACTIVE_ARCH = YES;
				SDKROOT = macosx10.8;
			};
			name = Debug;
		};
		2CAA8C6E0933698B009EC6A1 /* Release */ = {
			isa = XCBuildConfiguration;
			buildSettings = {
				ARCHS = "$(ARCHS_STANDARD_64_BIT)";
				GCC_C_LANGUAGE_STANDARD = gnu99;
				MACOSX_DEPLOYMENT_TARGET = 10.8;
				SDKROOT = macosx10.8;
			};
			name = Release;
		};
		2CAA8C6F0933698B009EC6A1 /* Default */ = {
			isa = XCBuildConfiguration;
			buildSettings = {
				ARCHS = "$(ARCHS_STANDARD_64_BIT)";
				GCC_C_LANGUAGE_STANDARD = gnu99;
				MACOSX_DEPLOYMENT_TARGET = 10.8;
				SDKROOT = macosx10.8;
			};
			name = Default;
		};
/* End XCBuildConfiguration section */

/* Begin XCConfigurationList section */
		2C5981FB098712B2003D230C /* Build configuration list for PBXNativeTarget "MergePDF" */ = {
			isa = XCConfigurationList;
			buildConfigurations = (
				2C5981FC098712B2003D230C /* Debug */,
				2C5981FD098712B2003D230C /* Release */,
				2C5981FE098712B2003D230C /* Default */,
			);
			defaultConfigurationIsVisible = 0;
			defaultConfigurationName = Release;
		};
		2CAA8C6C0933698B009EC6A1 /* Build configuration list for PBXProject "MergePDF" */ = {
			isa = XCConfigurationList;
			buildConfigurations = (
				2CAA8C6D0933698B009EC6A1 /* Debug */,
				2CAA8C6E0933698B009EC6A1 /* Release */,
				2CAA8C6F0933698B009EC6A1 /* Default */,
			);
			defaultConfigurationIsVisible = 0;
			defaultConfigurationName = Release;
		};
/* End XCConfigurationList section */
	};
	rootObject = 29B97313FDCFA39411CA2CEA /* Project object */;
}
