// !$*UTF8*$!
{
	archiveVersion = 1;
	classes = {
	};
	objectVersion = 42;
	objects = {

/* Begin PBXAppleScriptBuildPhase section */
		2C5981ED098712B2003D230C /* AppleScript */ = {
			isa = PBXAppleScriptBuildPhase;
			buildActionMask = 2147483647;
			contextName = "";
			files = (
				2C5981EE098712B2003D230C /* MergePDF.applescript in AppleScript */,
				2CB36E230D3F544D003C516E /* UtilityHandlers.applescript in AppleScript */,
				2CD126120D4034B9004BF0C5 /* PDFController.applescript in AppleScript */,
				2C52D81E0D48E52300A1945C /* DefaultsManager.applescript in AppleScript */,
			);
			isSharedContext = 0;
			runOnlyForDeploymentPostprocessing = 0;
		};
/* End PBXAppleScriptBuildPhase section */

/* Begin PBXBuildFile section */
		2C16DF530A8354C900B4D6E3 /* HelpSetup.plist in Resources */ = {isa = PBXBuildFile; fileRef = 2C16DF520A8354C800B4D6E3 /* HelpSetup.plist */; };
		2C31A20709874594003BE6E4 /* InfoPlist.strings in Resources */ = {isa = PBXBuildFile; fileRef = 2C31A20509874594003BE6E4 /* InfoPlist.strings */; };
		2C4740A80A5E71B000096E8A /* AppController.h in Headers */ = {isa = PBXBuildFile; fileRef = 2C4740A60A5E71B000096E8A /* AppController.h */; };
		2C4740A90A5E71B000096E8A /* AppController.m in Sources */ = {isa = PBXBuildFile; fileRef = 2C4740A70A5E71B000096E8A /* AppController.m */; };
		2C4740B30A5E773500096E8A /* FactorySetting.plist in Resources */ = {isa = PBXBuildFile; fileRef = 2C4740B20A5E773500096E8A /* FactorySetting.plist */; };
		2C52D81E0D48E52300A1945C /* DefaultsManager.applescript in AppleScript */ = {isa = PBXBuildFile; fileRef = 2CB36E090D3F540E003C516E /* DefaultsManager.applescript */; settings = {ATTRIBUTES = (Debug, ); }; };
		2C5981EE098712B2003D230C /* MergePDF.applescript in AppleScript */ = {isa = PBXBuildFile; fileRef = DA206CF3015C4E8B03C91932 /* MergePDF.applescript */; settings = {ATTRIBUTES = (Debug, ); }; };
		2C5981F0098712B2003D230C /* MainMenu.nib in Resources */ = {isa = PBXBuildFile; fileRef = 29B97318FDCFA39411CA2CEA /* MainMenu.nib */; };
		2C5981F2098712B2003D230C /* MergePDF.icns in Resources */ = {isa = PBXBuildFile; fileRef = 2CB1697A0711703000A527B5 /* MergePDF.icns */; };
		2C5981F3098712B2003D230C /* ColumnDirection.png in Resources */ = {isa = PBXBuildFile; fileRef = 2C7BDAB6071183220032351D /* ColumnDirection.png */; };
		2C5981F4098712B2003D230C /* RowDirection.png in Resources */ = {isa = PBXBuildFile; fileRef = 2C7BDAB7071183220032351D /* RowDirection.png */; };
		2C5981F5098712B2003D230C /* Localizable.strings in Resources */ = {isa = PBXBuildFile; fileRef = 2CD9CDE00711A295001CBF53 /* Localizable.strings */; };
		2C5981F7098712B2003D230C /* main.m in Sources */ = {isa = PBXBuildFile; fileRef = 29B97316FDCFA39411CA2CEA /* main.m */; settings = {ATTRIBUTES = (); }; };
		2C5981F9098712B2003D230C /* Cocoa.framework in Frameworks */ = {isa = PBXBuildFile; fileRef = 1058C7A1FEA54F0111CA2CBB /* Cocoa.framework */; };
		2C5981FA098712B2003D230C /* AppleScriptKit.framework in Frameworks */ = {isa = PBXBuildFile; fileRef = DA206CF1015C4E2903C91932 /* AppleScriptKit.framework */; };
		2C77B96A0CFD576A00C4E9D3 /* Quartz.framework in Frameworks */ = {isa = PBXBuildFile; fileRef = 2C77B9640CFD576A00C4E9D3 /* Quartz.framework */; };
		2CB36E1D0D3F5442003C516E /* SmartActivate.c in Sources */ = {isa = PBXBuildFile; fileRef = 2CB36E120D3F541E003C516E /* SmartActivate.c */; };
		2CB36E200D3F5448003C516E /* SmartActivate.m in Sources */ = {isa = PBXBuildFile; fileRef = 2CB36E140D3F541E003C516E /* SmartActivate.m */; };
		2CB36E230D3F544D003C516E /* UtilityHandlers.applescript in AppleScript */ = {isa = PBXBuildFile; fileRef = 2CB36E0E0D3F540E003C516E /* UtilityHandlers.applescript */; settings = {ATTRIBUTES = (Debug, ); }; };
		2CD126120D4034B9004BF0C5 /* PDFController.applescript in AppleScript */ = {isa = PBXBuildFile; fileRef = 2CD126110D4034B9004BF0C5 /* PDFController.applescript */; settings = {ATTRIBUTES = (Debug, ); }; };
		2CD128D10D40A437004BF0C5 /* DonationReminder.framework in Frameworks */ = {isa = PBXBuildFile; fileRef = 2CD128CC0D40A437004BF0C5 /* DonationReminder.framework */; };
		2CD12A870D40A4AE004BF0C5 /* DonationReminder.framework in CopyFiles */ = {isa = PBXBuildFile; fileRef = 2CD128CC0D40A437004BF0C5 /* DonationReminder.framework */; };
/* End PBXBuildFile section */

/* Begin PBXCopyFilesBuildPhase section */
		2CD12A830D40A4A2004BF0C5 /* CopyFiles */ = {
			isa = PBXCopyFilesBuildPhase;
			buildActionMask = 2147483647;
			dstPath = "";
			dstSubfolderSpec = 10;
			files = (
				2CD12A870D40A4AE004BF0C5 /* DonationReminder.framework in CopyFiles */,
			);
			runOnlyForDeploymentPostprocessing = 0;
		};
/* End PBXCopyFilesBuildPhase section */

/* Begin PBXFileReference section */
		1058C7A1FEA54F0111CA2CBB /* Cocoa.framework */ = {isa = PBXFileReference; lastKnownFileType = wrapper.framework; name = Cocoa.framework; path = /System/Library/Frameworks/Cocoa.framework; sourceTree = "<absolute>"; };
		29B97316FDCFA39411CA2CEA /* main.m */ = {isa = PBXFileReference; fileEncoding = 30; lastKnownFileType = sourcecode.c.objc; path = main.m; sourceTree = "<group>"; };
		29B97324FDCFA39411CA2CEA /* AppKit.framework */ = {isa = PBXFileReference; lastKnownFileType = wrapper.framework; name = AppKit.framework; path = /System/Library/Frameworks/AppKit.framework; sourceTree = "<absolute>"; };
		29B97325FDCFA39411CA2CEA /* Foundation.framework */ = {isa = PBXFileReference; lastKnownFileType = wrapper.framework; name = Foundation.framework; path = /System/Library/Frameworks/Foundation.framework; sourceTree = "<absolute>"; };
		2C16DF520A8354C800B4D6E3 /* HelpSetup.plist */ = {isa = PBXFileReference; fileEncoding = 4; lastKnownFileType = text.xml; path = HelpSetup.plist; sourceTree = "<group>"; };
		2C31A2000987453E003BE6E4 /* Info-MergePDF.plist */ = {isa = PBXFileReference; explicitFileType = text.plist; fileEncoding = 4; path = "Info-MergePDF.plist"; sourceTree = "<group>"; };
		2C473ECF0A5E65D400096E8A /* History.txt */ = {isa = PBXFileReference; fileEncoding = 4; lastKnownFileType = text; path = History.txt; sourceTree = "<group>"; };
		2C4740A60A5E71B000096E8A /* AppController.h */ = {isa = PBXFileReference; fileEncoding = 4; lastKnownFileType = sourcecode.c.h; path = AppController.h; sourceTree = "<group>"; };
		2C4740A70A5E71B000096E8A /* AppController.m */ = {isa = PBXFileReference; fileEncoding = 4; lastKnownFileType = sourcecode.c.objc; path = AppController.m; sourceTree = "<group>"; };
		2C4740B20A5E773500096E8A /* FactorySetting.plist */ = {isa = PBXFileReference; explicitFileType = text.plist; fileEncoding = 4; path = FactorySetting.plist; sourceTree = "<group>"; };
		2C598200098712B3003D230C /* MergePDF.app */ = {isa = PBXFileReference; explicitFileType = wrapper.application; includeInIndex = 0; path = MergePDF.app; sourceTree = BUILT_PRODUCTS_DIR; };
		2C77B9640CFD576A00C4E9D3 /* Quartz.framework */ = {isa = PBXFileReference; lastKnownFileType = wrapper.framework; name = Quartz.framework; path = /System/Library/Frameworks/Quartz.framework; sourceTree = "<absolute>"; };
		2C7BDAB6071183220032351D /* ColumnDirection.png */ = {isa = PBXFileReference; lastKnownFileType = image.png; path = ColumnDirection.png; sourceTree = "<group>"; };
		2C7BDAB7071183220032351D /* RowDirection.png */ = {isa = PBXFileReference; lastKnownFileType = image.png; path = RowDirection.png; sourceTree = "<group>"; };
		2CB1697A0711703000A527B5 /* MergePDF.icns */ = {isa = PBXFileReference; lastKnownFileType = image.icns; path = MergePDF.icns; sourceTree = "<group>"; };
		2CB36E070D3F540E003C516E /* ColorSwitch.applescript */ = {isa = PBXFileReference; fileEncoding = "-2147483647"; lastKnownFileType = sourcecode.applescript; path = ColorSwitch.applescript; sourceTree = "<group>"; };
		2CB36E080D3F540E003C516E /* CommandBuilder.applescript */ = {isa = PBXFileReference; fileEncoding = "-2147483647"; lastKnownFileType = sourcecode.applescript; path = CommandBuilder.applescript; sourceTree = "<group>"; };
		2CB36E090D3F540E003C516E /* DefaultsManager.applescript */ = {isa = PBXFileReference; fileEncoding = "-2147483647"; lastKnownFileType = sourcecode.applescript; path = DefaultsManager.applescript; sourceTree = "<group>"; };
		2CB36E0A0D3F540E003C516E /* MessageUtility.applescript */ = {isa = PBXFileReference; fileEncoding = "-2147483647"; lastKnownFileType = sourcecode.applescript; path = MessageUtility.applescript; sourceTree = "<group>"; };
		2CB36E0B0D3F540E003C516E /* SheetManager.applescript */ = {isa = PBXFileReference; fileEncoding = "-2147483647"; lastKnownFileType = sourcecode.applescript; path = SheetManager.applescript; sourceTree = "<group>"; };
		2CB36E0C0D3F540E003C516E /* TerminalCommander.applescript */ = {isa = PBXFileReference; fileEncoding = "-2147483647"; lastKnownFileType = sourcecode.applescript; path = TerminalCommander.applescript; sourceTree = "<group>"; };
		2CB36E0D0D3F540E003C516E /* TerminalSettingObj.applescript */ = {isa = PBXFileReference; fileEncoding = "-2147483647"; lastKnownFileType = sourcecode.applescript; path = TerminalSettingObj.applescript; sourceTree = "<group>"; };
		2CB36E0E0D3F540E003C516E /* UtilityHandlers.applescript */ = {isa = PBXFileReference; fileEncoding = "-2147483647"; lastKnownFileType = sourcecode.applescript; path = UtilityHandlers.applescript; sourceTree = "<group>"; };
		2CB36E120D3F541E003C516E /* SmartActivate.c */ = {isa = PBXFileReference; fileEncoding = "-2147483647"; lastKnownFileType = sourcecode.c.c; path = SmartActivate.c; sourceTree = "<group>"; };
		2CB36E130D3F541E003C516E /* SmartActivate.h */ = {isa = PBXFileReference; fileEncoding = "-2147483647"; lastKnownFileType = sourcecode.c.h; path = SmartActivate.h; sourceTree = "<group>"; };
		2CB36E140D3F541E003C516E /* SmartActivate.m */ = {isa = PBXFileReference; fileEncoding = "-2147483647"; lastKnownFileType = sourcecode.c.objc; path = SmartActivate.m; sourceTree = "<group>"; };
		2CB36E6F0D3F8C4A003C516E /* English */ = {isa = PBXFileReference; lastKnownFileType = text.plist.strings; name = English; path = English.lproj/Localizable.strings; sourceTree = "<group>"; };
		2CB36E830D3F8C7E003C516E /* English */ = {isa = PBXFileReference; lastKnownFileType = text.plist.strings; name = English; path = English.lproj/InfoPlist.strings; sourceTree = "<group>"; };
		2CB36E870D3F8DB4003C516E /* English */ = {isa = PBXFileReference; lastKnownFileType = wrapper.nib; name = English; path = English.lproj/MainMenu.nib; sourceTree = "<group>"; };
		2CD126110D4034B9004BF0C5 /* PDFController.applescript */ = {isa = PBXFileReference; fileEncoding = 4; lastKnownFileType = sourcecode.applescript; path = PDFController.applescript; sourceTree = "<group>"; };
		2CD128CC0D40A437004BF0C5 /* DonationReminder.framework */ = {isa = PBXFileReference; lastKnownFileType = wrapper.framework; name = DonationReminder.framework; path = ../Frameworks/DonationReminder.framework; sourceTree = SOURCE_ROOT; };
		DA206CF1015C4E2903C91932 /* AppleScriptKit.framework */ = {isa = PBXFileReference; lastKnownFileType = wrapper.framework; name = AppleScriptKit.framework; path = /System/Library/Frameworks/AppleScriptKit.framework; sourceTree = "<absolute>"; };
		DA206CF3015C4E8B03C91932 /* MergePDF.applescript */ = {isa = PBXFileReference; fileEncoding = "-2147483647"; lastKnownFileType = sourcecode.applescript; path = MergePDF.applescript; sourceTree = "<group>"; wrapsLines = 1; };
		DA206CF4015C4E8B03C91932 /* AppleScriptKit.asdictionary */ = {isa = PBXFileReference; lastKnownFileType = archive.asdictionary; name = AppleScriptKit.asdictionary; path = /System/Library/Frameworks/AppleScriptKit.framework/Versions/A/Resources/AppleScriptKit.asdictionary; sourceTree = "<absolute>"; };
/* End PBXFileReference section */

/* Begin PBXFrameworksBuildPhase section */
		2C5981F8098712B2003D230C /* Frameworks */ = {
			isa = PBXFrameworksBuildPhase;
			buildActionMask = 2147483647;
			files = (
				2C5981F9098712B2003D230C /* Cocoa.framework in Frameworks */,
				2C5981FA098712B2003D230C /* AppleScriptKit.framework in Frameworks */,
				2C77B96A0CFD576A00C4E9D3 /* Quartz.framework in Frameworks */,
				2CD128D10D40A437004BF0C5 /* DonationReminder.framework in Frameworks */,
			);
			runOnlyForDeploymentPostprocessing = 0;
		};
/* End PBXFrameworksBuildPhase section */

/* Begin PBXGroup section */
		080E96DDFE201D6D7F000001 /* Scripts */ = {
			isa = PBXGroup;
			children = (
				DA206CF3015C4E8B03C91932 /* MergePDF.applescript */,
				2CD126110D4034B9004BF0C5 /* PDFController.applescript */,
			);
			name = Scripts;
			sourceTree = "<group>";
		};
		1058C7A0FEA54F0111CA2CBB /* Linked Frameworks */ = {
			isa = PBXGroup;
			children = (
				1058C7A1FEA54F0111CA2CBB /* Cocoa.framework */,
				DA206CF1015C4E2903C91932 /* AppleScriptKit.framework */,
			);
			name = "Linked Frameworks";
			sourceTree = "<group>";
		};
		1058C7A2FEA54F0111CA2CBB /* Other Frameworks */ = {
			isa = PBXGroup;
			children = (
				2CD128CC0D40A437004BF0C5 /* DonationReminder.framework */,
				2C77B9640CFD576A00C4E9D3 /* Quartz.framework */,
				29B97325FDCFA39411CA2CEA /* Foundation.framework */,
				29B97324FDCFA39411CA2CEA /* AppKit.framework */,
			);
			name = "Other Frameworks";
			sourceTree = "<group>";
		};
		19C28FACFE9D520D11CA2CBB /* Products */ = {
			isa = PBXGroup;
			children = (
				2C598200098712B3003D230C /* MergePDF.app */,
			);
			name = Products;
			sourceTree = "<group>";
		};
		29B97314FDCFA39411CA2CEA /* Application */ = {
			isa = PBXGroup;
			children = (
				2C473ECF0A5E65D400096E8A /* History.txt */,
				080E96DDFE201D6D7F000001 /* Scripts */,
				2CB36E060D3F540E003C516E /* ASStudioScriptLib */,
				2CB36E110D3F541E003C516E /* SmartActivateLib */,
				29B97317FDCFA39411CA2CEA /* Resources */,
				29B97315FDCFA39411CA2CEA /* Other Sources */,
				29B97323FDCFA39411CA2CEA /* Frameworks */,
				19C28FACFE9D520D11CA2CBB /* Products */,
			);
			name = Application;
			sourceTree = "<group>";
		};
		29B97315FDCFA39411CA2CEA /* Other Sources */ = {
			isa = PBXGroup;
			children = (
				29B97316FDCFA39411CA2CEA /* main.m */,
				2C4740A60A5E71B000096E8A /* AppController.h */,
				2C4740A70A5E71B000096E8A /* AppController.m */,
			);
			name = "Other Sources";
			sourceTree = "<group>";
		};
		29B97317FDCFA39411CA2CEA /* Resources */ = {
			isa = PBXGroup;
			children = (
				2C16DF520A8354C800B4D6E3 /* HelpSetup.plist */,
				2C4740B20A5E773500096E8A /* FactorySetting.plist */,
				2C31A20509874594003BE6E4 /* InfoPlist.strings */,
				2C31A2000987453E003BE6E4 /* Info-MergePDF.plist */,
				2CD9CDE00711A295001CBF53 /* Localizable.strings */,
				2C7BDAB6071183220032351D /* ColumnDirection.png */,
				2C7BDAB7071183220032351D /* RowDirection.png */,
				2CB1697A0711703000A527B5 /* MergePDF.icns */,
				29B97318FDCFA39411CA2CEA /* MainMenu.nib */,
				DA206CF4015C4E8B03C91932 /* AppleScriptKit.asdictionary */,
			);
			name = Resources;
			sourceTree = "<group>";
		};
		29B97323FDCFA39411CA2CEA /* Frameworks */ = {
			isa = PBXGroup;
			children = (
				1058C7A0FEA54F0111CA2CBB /* Linked Frameworks */,
				1058C7A2FEA54F0111CA2CBB /* Other Frameworks */,
			);
			name = Frameworks;
			sourceTree = "<group>";
		};
		2CB36E060D3F540E003C516E /* ASStudioScriptLib */ = {
			isa = PBXGroup;
			children = (
				2CB36E070D3F540E003C516E /* ColorSwitch.applescript */,
				2CB36E080D3F540E003C516E /* CommandBuilder.applescript */,
				2CB36E090D3F540E003C516E /* DefaultsManager.applescript */,
				2CB36E0A0D3F540E003C516E /* MessageUtility.applescript */,
				2CB36E0B0D3F540E003C516E /* SheetManager.applescript */,
				2CB36E0C0D3F540E003C516E /* TerminalCommander.applescript */,
				2CB36E0D0D3F540E003C516E /* TerminalSettingObj.applescript */,
				2CB36E0E0D3F540E003C516E /* UtilityHandlers.applescript */,
			);
			path = ASStudioScriptLib;
			sourceTree = "<group>";
		};
		2CB36E110D3F541E003C516E /* SmartActivateLib */ = {
			isa = PBXGroup;
			children = (
				2CB36E120D3F541E003C516E /* SmartActivate.c */,
				2CB36E130D3F541E003C516E /* SmartActivate.h */,
				2CB36E140D3F541E003C516E /* SmartActivate.m */,
			);
			path = SmartActivateLib;
			sourceTree = "<group>";
		};
/* End PBXGroup section */

/* Begin PBXHeadersBuildPhase section */
		2C5981EC098712B2003D230C /* Headers */ = {
			isa = PBXHeadersBuildPhase;
			buildActionMask = 2147483647;
			files = (
				2C4740A80A5E71B000096E8A /* AppController.h in Headers */,
			);
			runOnlyForDeploymentPostprocessing = 0;
		};
/* End PBXHeadersBuildPhase section */

/* Begin PBXNativeTarget section */
		2C5981EB098712B2003D230C /* MergePDF */ = {
			isa = PBXNativeTarget;
			buildConfigurationList = 2C5981FB098712B2003D230C /* Build configuration list for PBXNativeTarget "MergePDF" */;
			buildPhases = (
				2C5981EC098712B2003D230C /* Headers */,
				2C5981ED098712B2003D230C /* AppleScript */,
				2C5981EF098712B2003D230C /* Resources */,
				2C5981F6098712B2003D230C /* Sources */,
				2C5981F8098712B2003D230C /* Frameworks */,
				2CD12A830D40A4A2004BF0C5 /* CopyFiles */,
			);
			buildRules = (
			);
			dependencies = (
			);
			name = MergePDF;
			productInstallPath = "$(HOME)/Applications";
			productName = Application;
			productReference = 2C598200098712B3003D230C /* MergePDF.app */;
			productType = "com.apple.product-type.application";
		};
/* End PBXNativeTarget section */

/* Begin PBXProject section */
		29B97313FDCFA39411CA2CEA /* Project object */ = {
			isa = PBXProject;
			buildConfigurationList = 2CAA8C6C0933698B009EC6A1 /* Build configuration list for PBXProject "MergePDF" */;
			hasScannedForEncodings = 1;
			mainGroup = 29B97314FDCFA39411CA2CEA /* Application */;
			projectDirPath = "";
			targets = (
				2C5981EB098712B2003D230C /* MergePDF */,
			);
		};
/* End PBXProject section */

/* Begin PBXResourcesBuildPhase section */
		2C5981EF098712B2003D230C /* Resources */ = {
			isa = PBXResourcesBuildPhase;
			buildActionMask = 2147483647;
			files = (
				2C5981F0098712B2003D230C /* MainMenu.nib in Resources */,
				2C5981F2098712B2003D230C /* MergePDF.icns in Resources */,
				2C5981F3098712B2003D230C /* ColumnDirection.png in Resources */,
				2C5981F4098712B2003D230C /* RowDirection.png in Resources */,
				2C5981F5098712B2003D230C /* Localizable.strings in Resources */,
				2C31A20709874594003BE6E4 /* InfoPlist.strings in Resources */,
				2C4740B30A5E773500096E8A /* FactorySetting.plist in Resources */,
				2C16DF530A8354C900B4D6E3 /* HelpSetup.plist in Resources */,
			);
			runOnlyForDeploymentPostprocessing = 0;
		};
/* End PBXResourcesBuildPhase section */

/* Begin PBXSourcesBuildPhase section */
		2C5981F6098712B2003D230C /* Sources */ = {
			isa = PBXSourcesBuildPhase;
			buildActionMask = 2147483647;
			files = (
				2C5981F7098712B2003D230C /* main.m in Sources */,
				2C4740A90A5E71B000096E8A /* AppController.m in Sources */,
				2CB36E1D0D3F5442003C516E /* SmartActivate.c in Sources */,
				2CB36E200D3F5448003C516E /* SmartActivate.m in Sources */,
			);
			runOnlyForDeploymentPostprocessing = 0;
		};
/* End PBXSourcesBuildPhase section */

/* Begin PBXVariantGroup section */
		29B97318FDCFA39411CA2CEA /* MainMenu.nib */ = {
			isa = PBXVariantGroup;
			children = (
				2CB36E870D3F8DB4003C516E /* English */,
			);
			name = MainMenu.nib;
			sourceTree = "<group>";
		};
		2C31A20509874594003BE6E4 /* InfoPlist.strings */ = {
			isa = PBXVariantGroup;
			children = (
				2CB36E830D3F8C7E003C516E /* English */,
			);
			name = InfoPlist.strings;
			sourceTree = "<group>";
		};
		2CD9CDE00711A295001CBF53 /* Localizable.strings */ = {
			isa = PBXVariantGroup;
			children = (
				2CB36E6F0D3F8C4A003C516E /* English */,
			);
			name = Localizable.strings;
			sourceTree = "<group>";
		};
/* End PBXVariantGroup section */

/* Begin XCBuildConfiguration section */
		2C5981FC098712B2003D230C /* Debug */ = {
			isa = XCBuildConfiguration;
			buildSettings = {
				COPY_PHASE_STRIP = NO;
				FRAMEWORK_SEARCH_PATHS = (
					"$(inherited)",
					"$(FRAMEWORK_SEARCH_PATHS_QUOTED_FOR_TARGET_1)",
				);
				FRAMEWORK_SEARCH_PATHS_QUOTED_FOR_TARGET_1 = "\"$(SRCROOT)/../Frameworks\"";
				GCC_DYNAMIC_NO_PIC = NO;
				GCC_ENABLE_FIX_AND_CONTINUE = YES;
				GCC_GENERATE_DEBUGGING_SYMBOLS = YES;
				GCC_OPTIMIZATION_LEVEL = 0;
				HEADER_SEARCH_PATHS = "";
				INFOPLIST_FILE = "Info-MergePDF.plist";
				INSTALL_PATH = "$(HOME)/Applications";
				LIBRARY_SEARCH_PATHS = "";
				OTHER_CFLAGS = "";
				OTHER_LDFLAGS = "";
				PRODUCT_NAME = MergePDF;
				SECTORDER_FLAGS = "";
				WARNING_CFLAGS = (
					"-Wmost",
					"-Wno-four-char-constants",
					"-Wno-unknown-pragmas",
				);
				WRAPPER_EXTENSION = app;
				ZERO_LINK = YES;
			};
			name = Debug;
		};
		2C5981FD098712B2003D230C /* Release */ = {
			isa = XCBuildConfiguration;
			buildSettings = {
				ARCHS = (
					ppc,
					i386,
				);
				COPY_PHASE_STRIP = YES;
				FRAMEWORK_SEARCH_PATHS = (
					"$(inherited)",
					"$(FRAMEWORK_SEARCH_PATHS_QUOTED_FOR_TARGET_1)",
				);
				FRAMEWORK_SEARCH_PATHS_QUOTED_FOR_TARGET_1 = "\"$(SRCROOT)/../Frameworks\"";
				GCC_ENABLE_FIX_AND_CONTINUE = NO;
				HEADER_SEARCH_PATHS = "";
				INFOPLIST_FILE = "Info-MergePDF.plist";
				INSTALL_PATH = "$(HOME)/Applications";
				LIBRARY_SEARCH_PATHS = "";
				OTHER_CFLAGS = "";
				OTHER_LDFLAGS = "";
				OTHER_OSAFLAGS = "-x";
				PRODUCT_NAME = MergePDF;
				SECTORDER_FLAGS = "";
				WARNING_CFLAGS = (
					"-Wmost",
					"-Wno-four-char-constants",
					"-Wno-unknown-pragmas",
				);
				WRAPPER_EXTENSION = app;
				ZERO_LINK = NO;
			};
			name = Release;
		};
		2C5981FE098712B2003D230C /* Default */ = {
			isa = XCBuildConfiguration;
			buildSettings = {
				FRAMEWORK_SEARCH_PATHS = (
					"$(inherited)",
					"$(FRAMEWORK_SEARCH_PATHS_QUOTED_FOR_TARGET_1)",
				);
				FRAMEWORK_SEARCH_PATHS_QUOTED_FOR_TARGET_1 = "\"$(SRCROOT)/../Frameworks\"";
				HEADER_SEARCH_PATHS = "";
				INFOPLIST_FILE = "English.lproj/Info-MergePDF.plist";
				INSTALL_PATH = "$(HOME)/Applications";
				LIBRARY_SEARCH_PATHS = "";
				OTHER_CFLAGS = "";
				OTHER_LDFLAGS = "";
				PRODUCT_NAME = MergePDF;
				SECTORDER_FLAGS = "";
				WARNING_CFLAGS = (
					"-Wmost",
					"-Wno-four-char-constants",
					"-Wno-unknown-pragmas",
				);
				WRAPPER_EXTENSION = app;
			};
			name = Default;
		};
		2CAA8C6D0933698B009EC6A1 /* Debug */ = {
			isa = XCBuildConfiguration;
			buildSettings = {
				GCC_C_LANGUAGE_STANDARD = gnu99;
				SDKROOT = /Developer/SDKs/MacOSX10.4u.sdk;
			};
			name = Debug;
		};
		2CAA8C6E0933698B009EC6A1 /* Release */ = {
			isa = XCBuildConfiguration;
			buildSettings = {
				GCC_C_LANGUAGE_STANDARD = gnu99;
				PREBINDING = NO;
				SDKROOT = /Developer/SDKs/MacOSX10.4u.sdk;
			};
			name = Release;
		};
		2CAA8C6F0933698B009EC6A1 /* Default */ = {
			isa = XCBuildConfiguration;
			buildSettings = {
				GCC_C_LANGUAGE_STANDARD = gnu99;
				SDKROOT = /Developer/SDKs/MacOSX10.4u.sdk;
			};
			name = Default;
		};
/* End XCBuildConfiguration section */

/* Begin XCConfigurationList section */
		2C5981FB098712B2003D230C /* Build configuration list for PBXNativeTarget "MergePDF" */ = {
			isa = XCConfigurationList;
			buildConfigurations = (
				2C5981FC098712B2003D230C /* Debug */,
				2C5981FD098712B2003D230C /* Release */,
				2C5981FE098712B2003D230C /* Default */,
			);
			defaultConfigurationIsVisible = 0;
			defaultConfigurationName = Default;
		};
		2CAA8C6C0933698B009EC6A1 /* Build configuration list for PBXProject "MergePDF" */ = {
			isa = XCConfigurationList;
			buildConfigurations = (
				2CAA8C6D0933698B009EC6A1 /* Debug */,
				2CAA8C6E0933698B009EC6A1 /* Release */,
				2CAA8C6F0933698B009EC6A1 /* Default */,
			);
			defaultConfigurationIsVisible = 0;
			defaultConfigurationName = Default;
		};
/* End XCConfigurationList section */
	};
	rootObject = 29B97313FDCFA39411CA2CEA /* Project object */;
}
